Microsoft Visual Studio Solution File, Format Version 12.00
# Visual Studio Version 17
VisualStudioVersion = 17.5.2.0
MinimumVisualStudioVersion = 10.0.40219.1
Project("{FAE04EC0-301F-11D3-BF4B-00C04F79EFBC}") = "8-28-C#", "8-28-C#.csproj", "{BFCD7981-4FE8-2575-FC66-D6E35095409D}"
EndProject
Global
	GlobalSection(SolutionConfigurationPlatforms) = preSolution
		Debug|Any CPU = Debug|Any CPU
		Release|Any CPU = Release|Any CPU
	EndGlobalSection
	GlobalSection(ProjectConfigurationPlatforms) = postSolution
		{BFCD7981-4FE8-2575-FC66-D6E35095409D}.Debug|Any CPU.ActiveCfg = Debug|Any CPU
		{BFCD7981-4FE8-2575-FC66-D6E35095409D}.Debug|Any CPU.Build.0 = Debug|Any CPU
		{BFCD7981-4FE8-2575-FC66-D6E35095409D}.Release|Any CPU.ActiveCfg = Release|Any CPU
		{BFCD7981-4FE8-2575-FC66-D6E35095409D}.Release|Any CPU.Build.0 = Release|Any CPU
	EndGlobalSection
	GlobalSection(SolutionProperties) = preSolution
		HideSolutionNode = FALSE
	EndGlobalSection
	GlobalSection(ExtensibilityGlobals) = postSolution
		SolutionGuid = {5BC55F2B-E441-4937-B45F-FB54C7FBF4F6}
	EndGlobalSection
EndGlobal
