Microsoft Visual Studio Solution File, Format Version 12.00
# Visual Studio Version 17
VisualStudioVersion = 17.5.2.0
MinimumVisualStudioVersion = 10.0.40219.1
Project("{FAE04EC0-301F-11D3-BF4B-00C04F79EFBC}") = "5-39-C#", "5-39-C#.csproj", "{E42A31E4-18E3-47BE-78D2-AD5AEBDBB104}"
EndProject
Global
	GlobalSection(SolutionConfigurationPlatforms) = preSolution
		Debug|Any CPU = Debug|Any CPU
		Release|Any CPU = Release|Any CPU
	EndGlobalSection
	GlobalSection(ProjectConfigurationPlatforms) = postSolution
		{E42A31E4-18E3-47BE-78D2-AD5AEBDBB104}.Debug|Any CPU.ActiveCfg = Debug|Any CPU
		{E42A31E4-18E3-47BE-78D2-AD5AEBDBB104}.Debug|Any CPU.Build.0 = Debug|Any CPU
		{E42A31E4-18E3-47BE-78D2-AD5AEBDBB104}.Release|Any CPU.ActiveCfg = Release|Any CPU
		{E42A31E4-18E3-47BE-78D2-AD5AEBDBB104}.Release|Any CPU.Build.0 = Release|Any CPU
	EndGlobalSection
	GlobalSection(SolutionProperties) = preSolution
		HideSolutionNode = FALSE
	EndGlobalSection
	GlobalSection(ExtensibilityGlobals) = postSolution
		SolutionGuid = {36044CE9-1016-4791-BF7A-4D9E03B74DFD}
	EndGlobalSection
EndGlobal
