Microsoft Visual Studio Solution File, Format Version 12.00
# Visual Studio Version 17
VisualStudioVersion = 17.5.2.0
MinimumVisualStudioVersion = 10.0.40219.1
Project("{FAE04EC0-301F-11D3-BF4B-00C04F79EFBC}") = "4-2-2-C#", "4-2-2-C#.csproj", "{72AB8141-263E-830C-97E3-53F0829C64D3}"
EndProject
Global
	GlobalSection(SolutionConfigurationPlatforms) = preSolution
		Debug|Any CPU = Debug|Any CPU
		Release|Any CPU = Release|Any CPU
	EndGlobalSection
	GlobalSection(ProjectConfigurationPlatforms) = postSolution
		{72AB8141-263E-830C-97E3-53F0829C64D3}.Debug|Any CPU.ActiveCfg = Debug|Any CPU
		{72AB8141-263E-830C-97E3-53F0829C64D3}.Debug|Any CPU.Build.0 = Debug|Any CPU
		{72AB8141-263E-830C-97E3-53F0829C64D3}.Release|Any CPU.ActiveCfg = Release|Any CPU
		{72AB8141-263E-830C-97E3-53F0829C64D3}.Release|Any CPU.Build.0 = Release|Any CPU
	EndGlobalSection
	GlobalSection(SolutionProperties) = preSolution
		HideSolutionNode = FALSE
	EndGlobalSection
	GlobalSection(ExtensibilityGlobals) = postSolution
		SolutionGuid = {047D4AC1-4056-491C-9DD1-C27206EEB9DF}
	EndGlobalSection
EndGlobal
