Microsoft Visual Studio Solution File, Format Version 12.00
# Visual Studio Version 17
VisualStudioVersion = 17.5.2.0
MinimumVisualStudioVersion = 10.0.40219.1
Project("{FAE04EC0-301F-11D3-BF4B-00C04F79EFBC}") = "9-6-14-C#", "9-6-14-C#.csproj", "{B44FEEBA-84C7-A67D-FA6C-9C870D1153D6}"
EndProject
Global
	GlobalSection(SolutionConfigurationPlatforms) = preSolution
		Debug|Any CPU = Debug|Any CPU
		Release|Any CPU = Release|Any CPU
	EndGlobalSection
	GlobalSection(ProjectConfigurationPlatforms) = postSolution
		{B44FEEBA-84C7-A67D-FA6C-9C870D1153D6}.Debug|Any CPU.ActiveCfg = Debug|Any CPU
		{B44FEEBA-84C7-A67D-FA6C-9C870D1153D6}.Debug|Any CPU.Build.0 = Debug|Any CPU
		{B44FEEBA-84C7-A67D-FA6C-9C870D1153D6}.Release|Any CPU.ActiveCfg = Release|Any CPU
		{B44FEEBA-84C7-A67D-FA6C-9C870D1153D6}.Release|Any CPU.Build.0 = Release|Any CPU
	EndGlobalSection
	GlobalSection(SolutionProperties) = preSolution
		HideSolutionNode = FALSE
	EndGlobalSection
	GlobalSection(ExtensibilityGlobals) = postSolution
		SolutionGuid = {0D2828DE-8FEE-480E-836F-5845FDC677BD}
	EndGlobalSection
EndGlobal
