Microsoft Visual Studio Solution File, Format Version 12.00
# Visual Studio Version 17
VisualStudioVersion = 17.5.2.0
MinimumVisualStudioVersion = 10.0.40219.1
Project("{FAE04EC0-301F-11D3-BF4B-00C04F79EFBC}") = "5-43-C#", "5-43-C#.csproj", "{5AF42971-AF5A-2DB2-6F01-81AE8260BF1F}"
EndProject
Global
	GlobalSection(SolutionConfigurationPlatforms) = preSolution
		Debug|Any CPU = Debug|Any CPU
		Release|Any CPU = Release|Any CPU
	EndGlobalSection
	GlobalSection(ProjectConfigurationPlatforms) = postSolution
		{5AF42971-AF5A-2DB2-6F01-81AE8260BF1F}.Debug|Any CPU.ActiveCfg = Debug|Any CPU
		{5AF42971-AF5A-2DB2-6F01-81AE8260BF1F}.Debug|Any CPU.Build.0 = Debug|Any CPU
		{5AF42971-AF5A-2DB2-6F01-81AE8260BF1F}.Release|Any CPU.ActiveCfg = Release|Any CPU
		{5AF42971-AF5A-2DB2-6F01-81AE8260BF1F}.Release|Any CPU.Build.0 = Release|Any CPU
	EndGlobalSection
	GlobalSection(SolutionProperties) = preSolution
		HideSolutionNode = FALSE
	EndGlobalSection
	GlobalSection(ExtensibilityGlobals) = postSolution
		SolutionGuid = {DBBCBDCF-1420-404F-823F-2ECB68211A56}
	EndGlobalSection
EndGlobal
