Microsoft Visual Studio Solution File, Format Version 12.00
# Visual Studio Version 17
VisualStudioVersion = 17.5.2.0
MinimumVisualStudioVersion = 10.0.40219.1
Project("{FAE04EC0-301F-11D3-BF4B-00C04F79EFBC}") = "8-4-2-C#", "8-4-2-C#.csproj", "{CF1A5779-EE9F-1F67-CFBE-3E91525E5B43}"
EndProject
Global
	GlobalSection(SolutionConfigurationPlatforms) = preSolution
		Debug|Any CPU = Debug|Any CPU
		Release|Any CPU = Release|Any CPU
	EndGlobalSection
	GlobalSection(ProjectConfigurationPlatforms) = postSolution
		{CF1A5779-EE9F-1F67-CFBE-3E91525E5B43}.Debug|Any CPU.ActiveCfg = Debug|Any CPU
		{CF1A5779-EE9F-1F67-CFBE-3E91525E5B43}.Debug|Any CPU.Build.0 = Debug|Any CPU
		{CF1A5779-EE9F-1F67-CFBE-3E91525E5B43}.Release|Any CPU.ActiveCfg = Release|Any CPU
		{CF1A5779-EE9F-1F67-CFBE-3E91525E5B43}.Release|Any CPU.Build.0 = Release|Any CPU
	EndGlobalSection
	GlobalSection(SolutionProperties) = preSolution
		HideSolutionNode = FALSE
	EndGlobalSection
	GlobalSection(ExtensibilityGlobals) = postSolution
		SolutionGuid = {BBDC78ED-EE72-41B6-8BC0-B67739B16657}
	EndGlobalSection
EndGlobal
