Microsoft Visual Studio Solution File, Format Version 12.00
# Visual Studio Version 17
VisualStudioVersion = 17.5.2.0
MinimumVisualStudioVersion = 10.0.40219.1
Project("{FAE04EC0-301F-11D3-BF4B-00C04F79EFBC}") = "15-5-16-C#", "15-5-16-C#.csproj", "{EED8AF49-9EB3-DD52-81C0-2D5F2363B8C9}"
EndProject
Global
	GlobalSection(SolutionConfigurationPlatforms) = preSolution
		Debug|Any CPU = Debug|Any CPU
		Release|Any CPU = Release|Any CPU
	EndGlobalSection
	GlobalSection(ProjectConfigurationPlatforms) = postSolution
		{EED8AF49-9EB3-DD52-81C0-2D5F2363B8C9}.Debug|Any CPU.ActiveCfg = Debug|Any CPU
		{EED8AF49-9EB3-DD52-81C0-2D5F2363B8C9}.Debug|Any CPU.Build.0 = Debug|Any CPU
		{EED8AF49-9EB3-DD52-81C0-2D5F2363B8C9}.Release|Any CPU.ActiveCfg = Release|Any CPU
		{EED8AF49-9EB3-DD52-81C0-2D5F2363B8C9}.Release|Any CPU.Build.0 = Release|Any CPU
	EndGlobalSection
	GlobalSection(SolutionProperties) = preSolution
		HideSolutionNode = FALSE
	EndGlobalSection
	GlobalSection(ExtensibilityGlobals) = postSolution
		SolutionGuid = {B268B305-E218-486D-A8AF-B19551A66526}
	EndGlobalSection
EndGlobal
