Microsoft Visual Studio Solution File, Format Version 12.00
# Visual Studio Version 17
VisualStudioVersion = 17.5.2.0
MinimumVisualStudioVersion = 10.0.40219.1
Project("{FAE04EC0-301F-11D3-BF4B-00C04F79EFBC}") = "8-1-5-C#", "8-1-5-C#.csproj", "{CFE4FF55-1322-C419-C867-552EB9068573}"
EndProject
Global
	GlobalSection(SolutionConfigurationPlatforms) = preSolution
		Debug|Any CPU = Debug|Any CPU
		Release|Any CPU = Release|Any CPU
	EndGlobalSection
	GlobalSection(ProjectConfigurationPlatforms) = postSolution
		{CFE4FF55-1322-C419-C867-552EB9068573}.Debug|Any CPU.ActiveCfg = Debug|Any CPU
		{CFE4FF55-1322-C419-C867-552EB9068573}.Debug|Any CPU.Build.0 = Debug|Any CPU
		{CFE4FF55-1322-C419-C867-552EB9068573}.Release|Any CPU.ActiveCfg = Release|Any CPU
		{CFE4FF55-1322-C419-C867-552EB9068573}.Release|Any CPU.Build.0 = Release|Any CPU
	EndGlobalSection
	GlobalSection(SolutionProperties) = preSolution
		HideSolutionNode = FALSE
	EndGlobalSection
	GlobalSection(ExtensibilityGlobals) = postSolution
		SolutionGuid = {1DB82168-B609-4606-A644-80B2547BB119}
	EndGlobalSection
EndGlobal
