Microsoft Visual Studio Solution File, Format Version 12.00
# Visual Studio Version 17
VisualStudioVersion = 17.5.2.0
MinimumVisualStudioVersion = 10.0.40219.1
Project("{FAE04EC0-301F-11D3-BF4B-00C04F79EFBC}") = "5-4-11-C#", "5-4-11-C#.csproj", "{9B135385-0501-9D20-71AB-1C3C0EAAC2C8}"
EndProject
Global
	GlobalSection(SolutionConfigurationPlatforms) = preSolution
		Debug|Any CPU = Debug|Any CPU
		Release|Any CPU = Release|Any CPU
	EndGlobalSection
	GlobalSection(ProjectConfigurationPlatforms) = postSolution
		{9B135385-0501-9D20-71AB-1C3C0EAAC2C8}.Debug|Any CPU.ActiveCfg = Debug|Any CPU
		{9B135385-0501-9D20-71AB-1C3C0EAAC2C8}.Debug|Any CPU.Build.0 = Debug|Any CPU
		{9B135385-0501-9D20-71AB-1C3C0EAAC2C8}.Release|Any CPU.ActiveCfg = Release|Any CPU
		{9B135385-0501-9D20-71AB-1C3C0EAAC2C8}.Release|Any CPU.Build.0 = Release|Any CPU
	EndGlobalSection
	GlobalSection(SolutionProperties) = preSolution
		HideSolutionNode = FALSE
	EndGlobalSection
	GlobalSection(ExtensibilityGlobals) = postSolution
		SolutionGuid = {02A467E5-DF26-4428-ABF6-572DEF6E884C}
	EndGlobalSection
EndGlobal
