Microsoft Visual Studio Solution File, Format Version 12.00
# Visual Studio Version 17
VisualStudioVersion = 17.5.2.0
MinimumVisualStudioVersion = 10.0.40219.1
Project("{FAE04EC0-301F-11D3-BF4B-00C04F79EFBC}") = "9-4-8-C#", "9-4-8-C#.csproj", "{90D42B88-0F9E-63EF-32F1-91B16B1AB432}"
EndProject
Global
	GlobalSection(SolutionConfigurationPlatforms) = preSolution
		Debug|Any CPU = Debug|Any CPU
		Release|Any CPU = Release|Any CPU
	EndGlobalSection
	GlobalSection(ProjectConfigurationPlatforms) = postSolution
		{90D42B88-0F9E-63EF-32F1-91B16B1AB432}.Debug|Any CPU.ActiveCfg = Debug|Any CPU
		{90D42B88-0F9E-63EF-32F1-91B16B1AB432}.Debug|Any CPU.Build.0 = Debug|Any CPU
		{90D42B88-0F9E-63EF-32F1-91B16B1AB432}.Release|Any CPU.ActiveCfg = Release|Any CPU
		{90D42B88-0F9E-63EF-32F1-91B16B1AB432}.Release|Any CPU.Build.0 = Release|Any CPU
	EndGlobalSection
	GlobalSection(SolutionProperties) = preSolution
		HideSolutionNode = FALSE
	EndGlobalSection
	GlobalSection(ExtensibilityGlobals) = postSolution
		SolutionGuid = {8C4D3A9B-C633-4CBF-A35A-47A96F9A0362}
	EndGlobalSection
EndGlobal
