Microsoft Visual Studio Solution File, Format Version 12.00
# Visual Studio Version 17
VisualStudioVersion = 17.5.2.0
MinimumVisualStudioVersion = 10.0.40219.1
Project("{FAE04EC0-301F-11D3-BF4B-00C04F79EFBC}") = "7-1-1-C#", "7-1-1-C#.csproj", "{4E00FFBC-9D77-B999-F4D0-AA28F868ED03}"
EndProject
Global
	GlobalSection(SolutionConfigurationPlatforms) = preSolution
		Debug|Any CPU = Debug|Any CPU
		Release|Any CPU = Release|Any CPU
	EndGlobalSection
	GlobalSection(ProjectConfigurationPlatforms) = postSolution
		{4E00FFBC-9D77-B999-F4D0-AA28F868ED03}.Debug|Any CPU.ActiveCfg = Debug|Any CPU
		{4E00FFBC-9D77-B999-F4D0-AA28F868ED03}.Debug|Any CPU.Build.0 = Debug|Any CPU
		{4E00FFBC-9D77-B999-F4D0-AA28F868ED03}.Release|Any CPU.ActiveCfg = Release|Any CPU
		{4E00FFBC-9D77-B999-F4D0-AA28F868ED03}.Release|Any CPU.Build.0 = Release|Any CPU
	EndGlobalSection
	GlobalSection(SolutionProperties) = preSolution
		HideSolutionNode = FALSE
	EndGlobalSection
	GlobalSection(ExtensibilityGlobals) = postSolution
		SolutionGuid = {DBEF65E6-F9CC-4AEF-836E-BD15B3E664CF}
	EndGlobalSection
EndGlobal
