Microsoft Visual Studio Solution File, Format Version 12.00
# Visual Studio Version 17
VisualStudioVersion = 17.5.2.0
MinimumVisualStudioVersion = 10.0.40219.1
Project("{FAE04EC0-301F-11D3-BF4B-00C04F79EFBC}") = "13-2-6-C#", "13-2-6-C#.csproj", "{13DB5796-941E-CE0F-DF32-F94C785CD21B}"
EndProject
Global
	GlobalSection(SolutionConfigurationPlatforms) = preSolution
		Debug|Any CPU = Debug|Any CPU
		Release|Any CPU = Release|Any CPU
	EndGlobalSection
	GlobalSection(ProjectConfigurationPlatforms) = postSolution
		{13DB5796-941E-CE0F-DF32-F94C785CD21B}.Debug|Any CPU.ActiveCfg = Debug|Any CPU
		{13DB5796-941E-CE0F-DF32-F94C785CD21B}.Debug|Any CPU.Build.0 = Debug|Any CPU
		{13DB5796-941E-CE0F-DF32-F94C785CD21B}.Release|Any CPU.ActiveCfg = Release|Any CPU
		{13DB5796-941E-CE0F-DF32-F94C785CD21B}.Release|Any CPU.Build.0 = Release|Any CPU
	EndGlobalSection
	GlobalSection(SolutionProperties) = preSolution
		HideSolutionNode = FALSE
	EndGlobalSection
	GlobalSection(ExtensibilityGlobals) = postSolution
		SolutionGuid = {9B4E6F4F-4C44-4225-BF5A-C998A859183D}
	EndGlobalSection
EndGlobal
