Microsoft Visual Studio Solution File, Format Version 12.00
# Visual Studio Version 17
VisualStudioVersion = 17.5.2.0
MinimumVisualStudioVersion = 10.0.40219.1
Project("{FAE04EC0-301F-11D3-BF4B-00C04F79EFBC}") = "4-1-2-C#", "4-1-2-C#.csproj", "{6396C871-DE90-5BB1-85B9-793FF1D75F85}"
EndProject
Global
	GlobalSection(SolutionConfigurationPlatforms) = preSolution
		Debug|Any CPU = Debug|Any CPU
		Release|Any CPU = Release|Any CPU
	EndGlobalSection
	GlobalSection(ProjectConfigurationPlatforms) = postSolution
		{6396C871-DE90-5BB1-85B9-793FF1D75F85}.Debug|Any CPU.ActiveCfg = Debug|Any CPU
		{6396C871-DE90-5BB1-85B9-793FF1D75F85}.Debug|Any CPU.Build.0 = Debug|Any CPU
		{6396C871-DE90-5BB1-85B9-793FF1D75F85}.Release|Any CPU.ActiveCfg = Release|Any CPU
		{6396C871-DE90-5BB1-85B9-793FF1D75F85}.Release|Any CPU.Build.0 = Release|Any CPU
	EndGlobalSection
	GlobalSection(SolutionProperties) = preSolution
		HideSolutionNode = FALSE
	EndGlobalSection
	GlobalSection(ExtensibilityGlobals) = postSolution
		SolutionGuid = {42E168CD-E95B-4477-A990-676A9159C1CE}
	EndGlobalSection
EndGlobal
