Microsoft Visual Studio Solution File, Format Version 12.00
# Visual Studio Version 17
VisualStudioVersion = 17.5.2.0
MinimumVisualStudioVersion = 10.0.40219.1
Project("{FAE04EC0-301F-11D3-BF4B-00C04F79EFBC}") = "4-24-C#", "4-24-C#.csproj", "{FF97D4AC-657B-C008-DC3E-A41887EE6FD5}"
EndProject
Global
	GlobalSection(SolutionConfigurationPlatforms) = preSolution
		Debug|Any CPU = Debug|Any CPU
		Release|Any CPU = Release|Any CPU
	EndGlobalSection
	GlobalSection(ProjectConfigurationPlatforms) = postSolution
		{FF97D4AC-657B-C008-DC3E-A41887EE6FD5}.Debug|Any CPU.ActiveCfg = Debug|Any CPU
		{FF97D4AC-657B-C008-DC3E-A41887EE6FD5}.Debug|Any CPU.Build.0 = Debug|Any CPU
		{FF97D4AC-657B-C008-DC3E-A41887EE6FD5}.Release|Any CPU.ActiveCfg = Release|Any CPU
		{FF97D4AC-657B-C008-DC3E-A41887EE6FD5}.Release|Any CPU.Build.0 = Release|Any CPU
	EndGlobalSection
	GlobalSection(SolutionProperties) = preSolution
		HideSolutionNode = FALSE
	EndGlobalSection
	GlobalSection(ExtensibilityGlobals) = postSolution
		SolutionGuid = {5A9EAF16-51BF-4742-98FC-B8F591F48816}
	EndGlobalSection
EndGlobal
