Microsoft Visual Studio Solution File, Format Version 12.00
# Visual Studio Version 17
VisualStudioVersion = 17.5.2.0
MinimumVisualStudioVersion = 10.0.40219.1
Project("{FAE04EC0-301F-11D3-BF4B-00C04F79EFBC}") = "6-5-C#", "6-5-C#.csproj", "{B601C311-FF1F-18F5-C88F-5818254B9906}"
EndProject
Global
	GlobalSection(SolutionConfigurationPlatforms) = preSolution
		Debug|Any CPU = Debug|Any CPU
		Release|Any CPU = Release|Any CPU
	EndGlobalSection
	GlobalSection(ProjectConfigurationPlatforms) = postSolution
		{B601C311-FF1F-18F5-C88F-5818254B9906}.Debug|Any CPU.ActiveCfg = Debug|Any CPU
		{B601C311-FF1F-18F5-C88F-5818254B9906}.Debug|Any CPU.Build.0 = Debug|Any CPU
		{B601C311-FF1F-18F5-C88F-5818254B9906}.Release|Any CPU.ActiveCfg = Release|Any CPU
		{B601C311-FF1F-18F5-C88F-5818254B9906}.Release|Any CPU.Build.0 = Release|Any CPU
	EndGlobalSection
	GlobalSection(SolutionProperties) = preSolution
		HideSolutionNode = FALSE
	EndGlobalSection
	GlobalSection(ExtensibilityGlobals) = postSolution
		SolutionGuid = {D7E3D3A1-7157-4178-BF46-D0D5B21A9BF2}
	EndGlobalSection
EndGlobal
