Microsoft Visual Studio Solution File, Format Version 12.00
# Visual Studio Version 17
VisualStudioVersion = 17.5.2.0
MinimumVisualStudioVersion = 10.0.40219.1
Project("{FAE04EC0-301F-11D3-BF4B-00C04F79EFBC}") = "9-6-19-C#", "9-6-19-C#.csproj", "{797F99ED-1154-A7D0-83D4-2D369B1032B0}"
EndProject
Global
	GlobalSection(SolutionConfigurationPlatforms) = preSolution
		Debug|Any CPU = Debug|Any CPU
		Release|Any CPU = Release|Any CPU
	EndGlobalSection
	GlobalSection(ProjectConfigurationPlatforms) = postSolution
		{797F99ED-1154-A7D0-83D4-2D369B1032B0}.Debug|Any CPU.ActiveCfg = Debug|Any CPU
		{797F99ED-1154-A7D0-83D4-2D369B1032B0}.Debug|Any CPU.Build.0 = Debug|Any CPU
		{797F99ED-1154-A7D0-83D4-2D369B1032B0}.Release|Any CPU.ActiveCfg = Release|Any CPU
		{797F99ED-1154-A7D0-83D4-2D369B1032B0}.Release|Any CPU.Build.0 = Release|Any CPU
	EndGlobalSection
	GlobalSection(SolutionProperties) = preSolution
		HideSolutionNode = FALSE
	EndGlobalSection
	GlobalSection(ExtensibilityGlobals) = postSolution
		SolutionGuid = {9CE078E5-99A9-42B2-ADF3-45B96BE7E793}
	EndGlobalSection
EndGlobal
