Microsoft Visual Studio Solution File, Format Version 12.00
# Visual Studio Version 17
VisualStudioVersion = 17.5.2.0
MinimumVisualStudioVersion = 10.0.40219.1
Project("{FAE04EC0-301F-11D3-BF4B-00C04F79EFBC}") = "12-12-C#", "12-12-C#.csproj", "{35808C7F-5368-5418-F0A5-A1E551363449}"
EndProject
Global
	GlobalSection(SolutionConfigurationPlatforms) = preSolution
		Debug|Any CPU = Debug|Any CPU
		Release|Any CPU = Release|Any CPU
	EndGlobalSection
	GlobalSection(ProjectConfigurationPlatforms) = postSolution
		{35808C7F-5368-5418-F0A5-A1E551363449}.Debug|Any CPU.ActiveCfg = Debug|Any CPU
		{35808C7F-5368-5418-F0A5-A1E551363449}.Debug|Any CPU.Build.0 = Debug|Any CPU
		{35808C7F-5368-5418-F0A5-A1E551363449}.Release|Any CPU.ActiveCfg = Release|Any CPU
		{35808C7F-5368-5418-F0A5-A1E551363449}.Release|Any CPU.Build.0 = Release|Any CPU
	EndGlobalSection
	GlobalSection(SolutionProperties) = preSolution
		HideSolutionNode = FALSE
	EndGlobalSection
	GlobalSection(ExtensibilityGlobals) = postSolution
		SolutionGuid = {DB7DE14D-9B4B-4750-9EE1-115B365B1F39}
	EndGlobalSection
EndGlobal
