Microsoft Visual Studio Solution File, Format Version 12.00
# Visual Studio Version 17
VisualStudioVersion = 17.5.2.0
MinimumVisualStudioVersion = 10.0.40219.1
Project("{FAE04EC0-301F-11D3-BF4B-00C04F79EFBC}") = "9-6-9-C#", "9-6-9-C#.csproj", "{1A143B40-7454-8A24-25B9-621BE4EAF126}"
EndProject
Global
	GlobalSection(SolutionConfigurationPlatforms) = preSolution
		Debug|Any CPU = Debug|Any CPU
		Release|Any CPU = Release|Any CPU
	EndGlobalSection
	GlobalSection(ProjectConfigurationPlatforms) = postSolution
		{1A143B40-7454-8A24-25B9-621BE4EAF126}.Debug|Any CPU.ActiveCfg = Debug|Any CPU
		{1A143B40-7454-8A24-25B9-621BE4EAF126}.Debug|Any CPU.Build.0 = Debug|Any CPU
		{1A143B40-7454-8A24-25B9-621BE4EAF126}.Release|Any CPU.ActiveCfg = Release|Any CPU
		{1A143B40-7454-8A24-25B9-621BE4EAF126}.Release|Any CPU.Build.0 = Release|Any CPU
	EndGlobalSection
	GlobalSection(SolutionProperties) = preSolution
		HideSolutionNode = FALSE
	EndGlobalSection
	GlobalSection(ExtensibilityGlobals) = postSolution
		SolutionGuid = {F1E6F808-13CB-4867-8AE3-C1B9D293188A}
	EndGlobalSection
EndGlobal
