Microsoft Visual Studio Solution File, Format Version 12.00
# Visual Studio Version 17
VisualStudioVersion = 17.5.2.0
MinimumVisualStudioVersion = 10.0.40219.1
Project("{FAE04EC0-301F-11D3-BF4B-00C04F79EFBC}") = "6-2-4-C#", "6-2-4-C#.csproj", "{461A7521-C74B-F53F-A0E8-31F63021EAC7}"
EndProject
Global
	GlobalSection(SolutionConfigurationPlatforms) = preSolution
		Debug|Any CPU = Debug|Any CPU
		Release|Any CPU = Release|Any CPU
	EndGlobalSection
	GlobalSection(ProjectConfigurationPlatforms) = postSolution
		{461A7521-C74B-F53F-A0E8-31F63021EAC7}.Debug|Any CPU.ActiveCfg = Debug|Any CPU
		{461A7521-C74B-F53F-A0E8-31F63021EAC7}.Debug|Any CPU.Build.0 = Debug|Any CPU
		{461A7521-C74B-F53F-A0E8-31F63021EAC7}.Release|Any CPU.ActiveCfg = Release|Any CPU
		{461A7521-C74B-F53F-A0E8-31F63021EAC7}.Release|Any CPU.Build.0 = Release|Any CPU
	EndGlobalSection
	GlobalSection(SolutionProperties) = preSolution
		HideSolutionNode = FALSE
	EndGlobalSection
	GlobalSection(ExtensibilityGlobals) = postSolution
		SolutionGuid = {D5B65B80-2D47-4F12-8C6C-67D342D7A3BD}
	EndGlobalSection
EndGlobal
