Microsoft Visual Studio Solution File, Format Version 12.00
# Visual Studio Version 17
VisualStudioVersion = 17.5.2.0
MinimumVisualStudioVersion = 10.0.40219.1
Project("{FAE04EC0-301F-11D3-BF4B-00C04F79EFBC}") = "9-6-3-C#", "9-6-3-C#.csproj", "{1D59A5C3-E4CF-4E9B-C4F3-2790A8ADB711}"
EndProject
Global
	GlobalSection(SolutionConfigurationPlatforms) = preSolution
		Debug|Any CPU = Debug|Any CPU
		Release|Any CPU = Release|Any CPU
	EndGlobalSection
	GlobalSection(ProjectConfigurationPlatforms) = postSolution
		{1D59A5C3-E4CF-4E9B-C4F3-2790A8ADB711}.Debug|Any CPU.ActiveCfg = Debug|Any CPU
		{1D59A5C3-E4CF-4E9B-C4F3-2790A8ADB711}.Debug|Any CPU.Build.0 = Debug|Any CPU
		{1D59A5C3-E4CF-4E9B-C4F3-2790A8ADB711}.Release|Any CPU.ActiveCfg = Release|Any CPU
		{1D59A5C3-E4CF-4E9B-C4F3-2790A8ADB711}.Release|Any CPU.Build.0 = Release|Any CPU
	EndGlobalSection
	GlobalSection(SolutionProperties) = preSolution
		HideSolutionNode = FALSE
	EndGlobalSection
	GlobalSection(ExtensibilityGlobals) = postSolution
		SolutionGuid = {CD0468B9-B08C-47A1-9816-54B65848197A}
	EndGlobalSection
EndGlobal
