Microsoft Visual Studio Solution File, Format Version 12.00
# Visual Studio Version 17
VisualStudioVersion = 17.5.2.0
MinimumVisualStudioVersion = 10.0.40219.1
Project("{FAE04EC0-301F-11D3-BF4B-00C04F79EFBC}") = "9-5-7-C#", "9-5-7-C#.csproj", "{B53E9C2E-22E3-BFEA-62A5-175CD0BF3ABE}"
EndProject
Global
	GlobalSection(SolutionConfigurationPlatforms) = preSolution
		Debug|Any CPU = Debug|Any CPU
		Release|Any CPU = Release|Any CPU
	EndGlobalSection
	GlobalSection(ProjectConfigurationPlatforms) = postSolution
		{B53E9C2E-22E3-BFEA-62A5-175CD0BF3ABE}.Debug|Any CPU.ActiveCfg = Debug|Any CPU
		{B53E9C2E-22E3-BFEA-62A5-175CD0BF3ABE}.Debug|Any CPU.Build.0 = Debug|Any CPU
		{B53E9C2E-22E3-BFEA-62A5-175CD0BF3ABE}.Release|Any CPU.ActiveCfg = Release|Any CPU
		{B53E9C2E-22E3-BFEA-62A5-175CD0BF3ABE}.Release|Any CPU.Build.0 = Release|Any CPU
	EndGlobalSection
	GlobalSection(SolutionProperties) = preSolution
		HideSolutionNode = FALSE
	EndGlobalSection
	GlobalSection(ExtensibilityGlobals) = postSolution
		SolutionGuid = {8F8D8D0D-A672-4E13-8683-58E5D16812A6}
	EndGlobalSection
EndGlobal
