Microsoft Visual Studio Solution File, Format Version 12.00
# Visual Studio Version 17
VisualStudioVersion = 17.5.2.0
MinimumVisualStudioVersion = 10.0.40219.1
Project("{FAE04EC0-301F-11D3-BF4B-00C04F79EFBC}") = "9-6-15-C#", "9-6-15-C#.csproj", "{C05DC4A7-A49B-01EF-AD8C-025CE4DF1447}"
EndProject
Global
	GlobalSection(SolutionConfigurationPlatforms) = preSolution
		Debug|Any CPU = Debug|Any CPU
		Release|Any CPU = Release|Any CPU
	EndGlobalSection
	GlobalSection(ProjectConfigurationPlatforms) = postSolution
		{C05DC4A7-A49B-01EF-AD8C-025CE4DF1447}.Debug|Any CPU.ActiveCfg = Debug|Any CPU
		{C05DC4A7-A49B-01EF-AD8C-025CE4DF1447}.Debug|Any CPU.Build.0 = Debug|Any CPU
		{C05DC4A7-A49B-01EF-AD8C-025CE4DF1447}.Release|Any CPU.ActiveCfg = Release|Any CPU
		{C05DC4A7-A49B-01EF-AD8C-025CE4DF1447}.Release|Any CPU.Build.0 = Release|Any CPU
	EndGlobalSection
	GlobalSection(SolutionProperties) = preSolution
		HideSolutionNode = FALSE
	EndGlobalSection
	GlobalSection(ExtensibilityGlobals) = postSolution
		SolutionGuid = {BCDE13CA-5D7A-4719-ACF8-653DA217C839}
	EndGlobalSection
EndGlobal
