Microsoft Visual Studio Solution File, Format Version 12.00
# Visual Studio Version 17
VisualStudioVersion = 17.5.2.0
MinimumVisualStudioVersion = 10.0.40219.1
Project("{FAE04EC0-301F-11D3-BF4B-00C04F79EFBC}") = "15-6-1-C#", "15-6-1-C#.csproj", "{DB04162C-2DC5-6608-F50D-6518B5F3F0F6}"
EndProject
Global
	GlobalSection(SolutionConfigurationPlatforms) = preSolution
		Debug|Any CPU = Debug|Any CPU
		Release|Any CPU = Release|Any CPU
	EndGlobalSection
	GlobalSection(ProjectConfigurationPlatforms) = postSolution
		{DB04162C-2DC5-6608-F50D-6518B5F3F0F6}.Debug|Any CPU.ActiveCfg = Debug|Any CPU
		{DB04162C-2DC5-6608-F50D-6518B5F3F0F6}.Debug|Any CPU.Build.0 = Debug|Any CPU
		{DB04162C-2DC5-6608-F50D-6518B5F3F0F6}.Release|Any CPU.ActiveCfg = Release|Any CPU
		{DB04162C-2DC5-6608-F50D-6518B5F3F0F6}.Release|Any CPU.Build.0 = Release|Any CPU
	EndGlobalSection
	GlobalSection(SolutionProperties) = preSolution
		HideSolutionNode = FALSE
	EndGlobalSection
	GlobalSection(ExtensibilityGlobals) = postSolution
		SolutionGuid = {97A93A0B-1643-4BAD-B8A2-439BC7229A2C}
	EndGlobalSection
EndGlobal
