Microsoft Visual Studio Solution File, Format Version 12.00
# Visual Studio Version 17
VisualStudioVersion = 17.5.2.0
MinimumVisualStudioVersion = 10.0.40219.1
Project("{FAE04EC0-301F-11D3-BF4B-00C04F79EFBC}") = "9-6-5-C#", "9-6-5-C#.csproj", "{A22390F4-1866-3B54-1F5F-B2913FDEE156}"
EndProject
Global
	GlobalSection(SolutionConfigurationPlatforms) = preSolution
		Debug|Any CPU = Debug|Any CPU
		Release|Any CPU = Release|Any CPU
	EndGlobalSection
	GlobalSection(ProjectConfigurationPlatforms) = postSolution
		{A22390F4-1866-3B54-1F5F-B2913FDEE156}.Debug|Any CPU.ActiveCfg = Debug|Any CPU
		{A22390F4-1866-3B54-1F5F-B2913FDEE156}.Debug|Any CPU.Build.0 = Debug|Any CPU
		{A22390F4-1866-3B54-1F5F-B2913FDEE156}.Release|Any CPU.ActiveCfg = Release|Any CPU
		{A22390F4-1866-3B54-1F5F-B2913FDEE156}.Release|Any CPU.Build.0 = Release|Any CPU
	EndGlobalSection
	GlobalSection(SolutionProperties) = preSolution
		HideSolutionNode = FALSE
	EndGlobalSection
	GlobalSection(ExtensibilityGlobals) = postSolution
		SolutionGuid = {C9A885E9-CCA2-4040-8116-1CBC339251B6}
	EndGlobalSection
EndGlobal
