Microsoft Visual Studio Solution File, Format Version 12.00
# Visual Studio Version 17
VisualStudioVersion = 17.5.2.0
MinimumVisualStudioVersion = 10.0.40219.1
Project("{FAE04EC0-301F-11D3-BF4B-00C04F79EFBC}") = "16-6-1-C#", "16-6-1-C#.csproj", "{4FB32319-F43B-64DA-4C20-7ADC6C7A9F04}"
EndProject
Global
	GlobalSection(SolutionConfigurationPlatforms) = preSolution
		Debug|Any CPU = Debug|Any CPU
		Release|Any CPU = Release|Any CPU
	EndGlobalSection
	GlobalSection(ProjectConfigurationPlatforms) = postSolution
		{4FB32319-F43B-64DA-4C20-7ADC6C7A9F04}.Debug|Any CPU.ActiveCfg = Debug|Any CPU
		{4FB32319-F43B-64DA-4C20-7ADC6C7A9F04}.Debug|Any CPU.Build.0 = Debug|Any CPU
		{4FB32319-F43B-64DA-4C20-7ADC6C7A9F04}.Release|Any CPU.ActiveCfg = Release|Any CPU
		{4FB32319-F43B-64DA-4C20-7ADC6C7A9F04}.Release|Any CPU.Build.0 = Release|Any CPU
	EndGlobalSection
	GlobalSection(SolutionProperties) = preSolution
		HideSolutionNode = FALSE
	EndGlobalSection
	GlobalSection(ExtensibilityGlobals) = postSolution
		SolutionGuid = {15D960C6-7311-44CE-92E1-679B8334BB76}
	EndGlobalSection
EndGlobal
