Microsoft Visual Studio Solution File, Format Version 12.00
# Visual Studio Version 17
VisualStudioVersion = 17.5.2.0
MinimumVisualStudioVersion = 10.0.40219.1
Project("{FAE04EC0-301F-11D3-BF4B-00C04F79EFBC}") = "4-7-1-C#", "4-7-1-C#.csproj", "{90200FAC-BE2C-4A8D-AE9F-D7BB7F6D427D}"
EndProject
Global
	GlobalSection(SolutionConfigurationPlatforms) = preSolution
		Debug|Any CPU = Debug|Any CPU
		Release|Any CPU = Release|Any CPU
	EndGlobalSection
	GlobalSection(ProjectConfigurationPlatforms) = postSolution
		{90200FAC-BE2C-4A8D-AE9F-D7BB7F6D427D}.Debug|Any CPU.ActiveCfg = Debug|Any CPU
		{90200FAC-BE2C-4A8D-AE9F-D7BB7F6D427D}.Debug|Any CPU.Build.0 = Debug|Any CPU
		{90200FAC-BE2C-4A8D-AE9F-D7BB7F6D427D}.Release|Any CPU.ActiveCfg = Release|Any CPU
		{90200FAC-BE2C-4A8D-AE9F-D7BB7F6D427D}.Release|Any CPU.Build.0 = Release|Any CPU
	EndGlobalSection
	GlobalSection(SolutionProperties) = preSolution
		HideSolutionNode = FALSE
	EndGlobalSection
	GlobalSection(ExtensibilityGlobals) = postSolution
		SolutionGuid = {72D9212F-75E0-4D04-8485-D93960E2E1E1}
	EndGlobalSection
EndGlobal
