Microsoft Visual Studio Solution File, Format Version 12.00
# Visual Studio Version 17
VisualStudioVersion = 17.5.2.0
MinimumVisualStudioVersion = 10.0.40219.1
Project("{FAE04EC0-301F-11D3-BF4B-00C04F79EFBC}") = "5-4-3-C#", "5-4-3-C#.csproj", "{DCC48675-793F-F740-4FF9-21349CC7D993}"
EndProject
Global
	GlobalSection(SolutionConfigurationPlatforms) = preSolution
		Debug|Any CPU = Debug|Any CPU
		Release|Any CPU = Release|Any CPU
	EndGlobalSection
	GlobalSection(ProjectConfigurationPlatforms) = postSolution
		{DCC48675-793F-F740-4FF9-21349CC7D993}.Debug|Any CPU.ActiveCfg = Debug|Any CPU
		{DCC48675-793F-F740-4FF9-21349CC7D993}.Debug|Any CPU.Build.0 = Debug|Any CPU
		{DCC48675-793F-F740-4FF9-21349CC7D993}.Release|Any CPU.ActiveCfg = Release|Any CPU
		{DCC48675-793F-F740-4FF9-21349CC7D993}.Release|Any CPU.Build.0 = Release|Any CPU
	EndGlobalSection
	GlobalSection(SolutionProperties) = preSolution
		HideSolutionNode = FALSE
	EndGlobalSection
	GlobalSection(ExtensibilityGlobals) = postSolution
		SolutionGuid = {4F69B4CD-16D6-4763-9154-50D565CCED56}
	EndGlobalSection
EndGlobal
