Microsoft Visual Studio Solution File, Format Version 12.00
# Visual Studio Version 17
VisualStudioVersion = 17.5.2.0
MinimumVisualStudioVersion = 10.0.40219.1
Project("{FAE04EC0-301F-11D3-BF4B-00C04F79EFBC}") = "7-6-8-C#", "7-6-8-C#.csproj", "{B51E6F56-CE91-8CCE-C8C1-E6227A15D630}"
EndProject
Global
	GlobalSection(SolutionConfigurationPlatforms) = preSolution
		Debug|Any CPU = Debug|Any CPU
		Release|Any CPU = Release|Any CPU
	EndGlobalSection
	GlobalSection(ProjectConfigurationPlatforms) = postSolution
		{B51E6F56-CE91-8CCE-C8C1-E6227A15D630}.Debug|Any CPU.ActiveCfg = Debug|Any CPU
		{B51E6F56-CE91-8CCE-C8C1-E6227A15D630}.Debug|Any CPU.Build.0 = Debug|Any CPU
		{B51E6F56-CE91-8CCE-C8C1-E6227A15D630}.Release|Any CPU.ActiveCfg = Release|Any CPU
		{B51E6F56-CE91-8CCE-C8C1-E6227A15D630}.Release|Any CPU.Build.0 = Release|Any CPU
	EndGlobalSection
	GlobalSection(SolutionProperties) = preSolution
		HideSolutionNode = FALSE
	EndGlobalSection
	GlobalSection(ExtensibilityGlobals) = postSolution
		SolutionGuid = {AA27321B-8EE9-419E-AA07-A044424FEB38}
	EndGlobalSection
EndGlobal
