Microsoft Visual Studio Solution File, Format Version 12.00
# Visual Studio Version 17
VisualStudioVersion = 17.5.2.0
MinimumVisualStudioVersion = 10.0.40219.1
Project("{FAE04EC0-301F-11D3-BF4B-00C04F79EFBC}") = "5-3-9-C#", "5-3-9-C#.csproj", "{73FAABF1-DA94-DC27-BE54-D1555A01D8D6}"
EndProject
Global
	GlobalSection(SolutionConfigurationPlatforms) = preSolution
		Debug|Any CPU = Debug|Any CPU
		Release|Any CPU = Release|Any CPU
	EndGlobalSection
	GlobalSection(ProjectConfigurationPlatforms) = postSolution
		{73FAABF1-DA94-DC27-BE54-D1555A01D8D6}.Debug|Any CPU.ActiveCfg = Debug|Any CPU
		{73FAABF1-DA94-DC27-BE54-D1555A01D8D6}.Debug|Any CPU.Build.0 = Debug|Any CPU
		{73FAABF1-DA94-DC27-BE54-D1555A01D8D6}.Release|Any CPU.ActiveCfg = Release|Any CPU
		{73FAABF1-DA94-DC27-BE54-D1555A01D8D6}.Release|Any CPU.Build.0 = Release|Any CPU
	EndGlobalSection
	GlobalSection(SolutionProperties) = preSolution
		HideSolutionNode = FALSE
	EndGlobalSection
	GlobalSection(ExtensibilityGlobals) = postSolution
		SolutionGuid = {3CC443C7-3E5A-4EED-A3F8-F1F56A91A502}
	EndGlobalSection
EndGlobal
