Microsoft Visual Studio Solution File, Format Version 12.00
# Visual Studio Version 17
VisualStudioVersion = 17.5.2.0
MinimumVisualStudioVersion = 10.0.40219.1
Project("{FAE04EC0-301F-11D3-BF4B-00C04F79EFBC}") = "11-5-2-C#", "11-5-2-C#.csproj", "{3746A8C7-DB2F-EA38-3604-C043C169FF4C}"
EndProject
Global
	GlobalSection(SolutionConfigurationPlatforms) = preSolution
		Debug|Any CPU = Debug|Any CPU
		Release|Any CPU = Release|Any CPU
	EndGlobalSection
	GlobalSection(ProjectConfigurationPlatforms) = postSolution
		{3746A8C7-DB2F-EA38-3604-C043C169FF4C}.Debug|Any CPU.ActiveCfg = Debug|Any CPU
		{3746A8C7-DB2F-EA38-3604-C043C169FF4C}.Debug|Any CPU.Build.0 = Debug|Any CPU
		{3746A8C7-DB2F-EA38-3604-C043C169FF4C}.Release|Any CPU.ActiveCfg = Release|Any CPU
		{3746A8C7-DB2F-EA38-3604-C043C169FF4C}.Release|Any CPU.Build.0 = Release|Any CPU
	EndGlobalSection
	GlobalSection(SolutionProperties) = preSolution
		HideSolutionNode = FALSE
	EndGlobalSection
	GlobalSection(ExtensibilityGlobals) = postSolution
		SolutionGuid = {0EDDC902-99DC-45D9-85BB-7A3ACD99062E}
	EndGlobalSection
EndGlobal
