Microsoft Visual Studio Solution File, Format Version 12.00
# Visual Studio Version 17
VisualStudioVersion = 17.5.2.0
MinimumVisualStudioVersion = 10.0.40219.1
Project("{FAE04EC0-301F-11D3-BF4B-00C04F79EFBC}") = "9-5-2-C#", "9-5-2-C#.csproj", "{D54B11BD-0D87-0186-FA46-B73F887592BC}"
EndProject
Global
	GlobalSection(SolutionConfigurationPlatforms) = preSolution
		Debug|Any CPU = Debug|Any CPU
		Release|Any CPU = Release|Any CPU
	EndGlobalSection
	GlobalSection(ProjectConfigurationPlatforms) = postSolution
		{D54B11BD-0D87-0186-FA46-B73F887592BC}.Debug|Any CPU.ActiveCfg = Debug|Any CPU
		{D54B11BD-0D87-0186-FA46-B73F887592BC}.Debug|Any CPU.Build.0 = Debug|Any CPU
		{D54B11BD-0D87-0186-FA46-B73F887592BC}.Release|Any CPU.ActiveCfg = Release|Any CPU
		{D54B11BD-0D87-0186-FA46-B73F887592BC}.Release|Any CPU.Build.0 = Release|Any CPU
	EndGlobalSection
	GlobalSection(SolutionProperties) = preSolution
		HideSolutionNode = FALSE
	EndGlobalSection
	GlobalSection(ExtensibilityGlobals) = postSolution
		SolutionGuid = {E5A8C53A-FAA2-476A-8D14-7512BC229B5C}
	EndGlobalSection
EndGlobal
