Microsoft Visual Studio Solution File, Format Version 12.00
# Visual Studio Version 17
VisualStudioVersion = 17.5.2.0
MinimumVisualStudioVersion = 10.0.40219.1
Project("{FAE04EC0-301F-11D3-BF4B-00C04F79EFBC}") = "7-32-C#", "7-32-C#.csproj", "{74FD2E15-F531-44BF-22E3-5A07CEB20A47}"
EndProject
Global
	GlobalSection(SolutionConfigurationPlatforms) = preSolution
		Debug|Any CPU = Debug|Any CPU
		Release|Any CPU = Release|Any CPU
	EndGlobalSection
	GlobalSection(ProjectConfigurationPlatforms) = postSolution
		{74FD2E15-F531-44BF-22E3-5A07CEB20A47}.Debug|Any CPU.ActiveCfg = Debug|Any CPU
		{74FD2E15-F531-44BF-22E3-5A07CEB20A47}.Debug|Any CPU.Build.0 = Debug|Any CPU
		{74FD2E15-F531-44BF-22E3-5A07CEB20A47}.Release|Any CPU.ActiveCfg = Release|Any CPU
		{74FD2E15-F531-44BF-22E3-5A07CEB20A47}.Release|Any CPU.Build.0 = Release|Any CPU
	EndGlobalSection
	GlobalSection(SolutionProperties) = preSolution
		HideSolutionNode = FALSE
	EndGlobalSection
	GlobalSection(ExtensibilityGlobals) = postSolution
		SolutionGuid = {0C8BB85F-D589-4477-928E-7ACA283EAE07}
	EndGlobalSection
EndGlobal
