Microsoft Visual Studio Solution File, Format Version 12.00
# Visual Studio Version 17
VisualStudioVersion = 17.5.2.0
MinimumVisualStudioVersion = 10.0.40219.1
Project("{FAE04EC0-301F-11D3-BF4B-00C04F79EFBC}") = "5-4-5-C#", "5-4-5-C#.csproj", "{C2AF32C7-16C1-30ED-45BB-0D2B2FE6F3E2}"
EndProject
Global
	GlobalSection(SolutionConfigurationPlatforms) = preSolution
		Debug|Any CPU = Debug|Any CPU
		Release|Any CPU = Release|Any CPU
	EndGlobalSection
	GlobalSection(ProjectConfigurationPlatforms) = postSolution
		{C2AF32C7-16C1-30ED-45BB-0D2B2FE6F3E2}.Debug|Any CPU.ActiveCfg = Debug|Any CPU
		{C2AF32C7-16C1-30ED-45BB-0D2B2FE6F3E2}.Debug|Any CPU.Build.0 = Debug|Any CPU
		{C2AF32C7-16C1-30ED-45BB-0D2B2FE6F3E2}.Release|Any CPU.ActiveCfg = Release|Any CPU
		{C2AF32C7-16C1-30ED-45BB-0D2B2FE6F3E2}.Release|Any CPU.Build.0 = Release|Any CPU
	EndGlobalSection
	GlobalSection(SolutionProperties) = preSolution
		HideSolutionNode = FALSE
	EndGlobalSection
	GlobalSection(ExtensibilityGlobals) = postSolution
		SolutionGuid = {698C610B-733C-4058-8968-6F404AD64F2A}
	EndGlobalSection
EndGlobal
