Microsoft Visual Studio Solution File, Format Version 12.00
# Visual Studio Version 17
VisualStudioVersion = 17.5.2.0
MinimumVisualStudioVersion = 10.0.40219.1
Project("{FAE04EC0-301F-11D3-BF4B-00C04F79EFBC}") = "8-1-3-C#", "8-1-3-C#.csproj", "{12932FC0-F903-D274-C6CB-E05BE20371A6}"
EndProject
Global
	GlobalSection(SolutionConfigurationPlatforms) = preSolution
		Debug|Any CPU = Debug|Any CPU
		Release|Any CPU = Release|Any CPU
	EndGlobalSection
	GlobalSection(ProjectConfigurationPlatforms) = postSolution
		{12932FC0-F903-D274-C6CB-E05BE20371A6}.Debug|Any CPU.ActiveCfg = Debug|Any CPU
		{12932FC0-F903-D274-C6CB-E05BE20371A6}.Debug|Any CPU.Build.0 = Debug|Any CPU
		{12932FC0-F903-D274-C6CB-E05BE20371A6}.Release|Any CPU.ActiveCfg = Release|Any CPU
		{12932FC0-F903-D274-C6CB-E05BE20371A6}.Release|Any CPU.Build.0 = Release|Any CPU
	EndGlobalSection
	GlobalSection(SolutionProperties) = preSolution
		HideSolutionNode = FALSE
	EndGlobalSection
	GlobalSection(ExtensibilityGlobals) = postSolution
		SolutionGuid = {F0B5DB7A-609E-403C-997D-08D3B642B10D}
	EndGlobalSection
EndGlobal
