Microsoft Visual Studio Solution File, Format Version 12.00
# Visual Studio Version 17
VisualStudioVersion = 17.5.2.0
MinimumVisualStudioVersion = 10.0.40219.1
Project("{FAE04EC0-301F-11D3-BF4B-00C04F79EFBC}") = "10-2-1-C#", "10-2-1-C#.csproj", "{4EEF8FAE-1E99-6BC2-1CB1-902C24EEDCCB}"
EndProject
Global
	GlobalSection(SolutionConfigurationPlatforms) = preSolution
		Debug|Any CPU = Debug|Any CPU
		Release|Any CPU = Release|Any CPU
	EndGlobalSection
	GlobalSection(ProjectConfigurationPlatforms) = postSolution
		{4EEF8FAE-1E99-6BC2-1CB1-902C24EEDCCB}.Debug|Any CPU.ActiveCfg = Debug|Any CPU
		{4EEF8FAE-1E99-6BC2-1CB1-902C24EEDCCB}.Debug|Any CPU.Build.0 = Debug|Any CPU
		{4EEF8FAE-1E99-6BC2-1CB1-902C24EEDCCB}.Release|Any CPU.ActiveCfg = Release|Any CPU
		{4EEF8FAE-1E99-6BC2-1CB1-902C24EEDCCB}.Release|Any CPU.Build.0 = Release|Any CPU
	EndGlobalSection
	GlobalSection(SolutionProperties) = preSolution
		HideSolutionNode = FALSE
	EndGlobalSection
	GlobalSection(ExtensibilityGlobals) = postSolution
		SolutionGuid = {CEBDE669-4AF6-4A30-A55D-8ABD1F7FB735}
	EndGlobalSection
EndGlobal
