Microsoft Visual Studio Solution File, Format Version 12.00
# Visual Studio Version 17
VisualStudioVersion = 17.5.2.0
MinimumVisualStudioVersion = 10.0.40219.1
Project("{FAE04EC0-301F-11D3-BF4B-00C04F79EFBC}") = "8-4-5-C#", "8-4-5-C#.csproj", "{CCFF1C02-E789-E60F-4EF4-7974458092BD}"
EndProject
Global
	GlobalSection(SolutionConfigurationPlatforms) = preSolution
		Debug|Any CPU = Debug|Any CPU
		Release|Any CPU = Release|Any CPU
	EndGlobalSection
	GlobalSection(ProjectConfigurationPlatforms) = postSolution
		{CCFF1C02-E789-E60F-4EF4-7974458092BD}.Debug|Any CPU.ActiveCfg = Debug|Any CPU
		{CCFF1C02-E789-E60F-4EF4-7974458092BD}.Debug|Any CPU.Build.0 = Debug|Any CPU
		{CCFF1C02-E789-E60F-4EF4-7974458092BD}.Release|Any CPU.ActiveCfg = Release|Any CPU
		{CCFF1C02-E789-E60F-4EF4-7974458092BD}.Release|Any CPU.Build.0 = Release|Any CPU
	EndGlobalSection
	GlobalSection(SolutionProperties) = preSolution
		HideSolutionNode = FALSE
	EndGlobalSection
	GlobalSection(ExtensibilityGlobals) = postSolution
		SolutionGuid = {83C935B7-F5A0-48EE-9922-BEEB7EA570D9}
	EndGlobalSection
EndGlobal
