Microsoft Visual Studio Solution File, Format Version 12.00
# Visual Studio Version 17
VisualStudioVersion = 17.5.2.0
MinimumVisualStudioVersion = 10.0.40219.1
Project("{FAE04EC0-301F-11D3-BF4B-00C04F79EFBC}") = "10-3-C#", "10-3-C#.csproj", "{53B440AF-645D-FC1D-5959-2BAFD3148AF1}"
EndProject
Global
	GlobalSection(SolutionConfigurationPlatforms) = preSolution
		Debug|Any CPU = Debug|Any CPU
		Release|Any CPU = Release|Any CPU
	EndGlobalSection
	GlobalSection(ProjectConfigurationPlatforms) = postSolution
		{53B440AF-645D-FC1D-5959-2BAFD3148AF1}.Debug|Any CPU.ActiveCfg = Debug|Any CPU
		{53B440AF-645D-FC1D-5959-2BAFD3148AF1}.Debug|Any CPU.Build.0 = Debug|Any CPU
		{53B440AF-645D-FC1D-5959-2BAFD3148AF1}.Release|Any CPU.ActiveCfg = Release|Any CPU
		{53B440AF-645D-FC1D-5959-2BAFD3148AF1}.Release|Any CPU.Build.0 = Release|Any CPU
	EndGlobalSection
	GlobalSection(SolutionProperties) = preSolution
		HideSolutionNode = FALSE
	EndGlobalSection
	GlobalSection(ExtensibilityGlobals) = postSolution
		SolutionGuid = {C72BCA6F-07FF-4222-B41D-34DAF08DEEC4}
	EndGlobalSection
EndGlobal
