Microsoft Visual Studio Solution File, Format Version 12.00
# Visual Studio Version 17
VisualStudioVersion = 17.5.2.0
MinimumVisualStudioVersion = 10.0.40219.1
Project("{FAE04EC0-301F-11D3-BF4B-00C04F79EFBC}") = "8-3-2-C#", "8-3-2-C#.csproj", "{71D0534E-6345-708C-AF4C-C480F5FC41FD}"
EndProject
Global
	GlobalSection(SolutionConfigurationPlatforms) = preSolution
		Debug|Any CPU = Debug|Any CPU
		Release|Any CPU = Release|Any CPU
	EndGlobalSection
	GlobalSection(ProjectConfigurationPlatforms) = postSolution
		{71D0534E-6345-708C-AF4C-C480F5FC41FD}.Debug|Any CPU.ActiveCfg = Debug|Any CPU
		{71D0534E-6345-708C-AF4C-C480F5FC41FD}.Debug|Any CPU.Build.0 = Debug|Any CPU
		{71D0534E-6345-708C-AF4C-C480F5FC41FD}.Release|Any CPU.ActiveCfg = Release|Any CPU
		{71D0534E-6345-708C-AF4C-C480F5FC41FD}.Release|Any CPU.Build.0 = Release|Any CPU
	EndGlobalSection
	GlobalSection(SolutionProperties) = preSolution
		HideSolutionNode = FALSE
	EndGlobalSection
	GlobalSection(ExtensibilityGlobals) = postSolution
		SolutionGuid = {B4286449-400E-4649-AC21-FBFBC12000C9}
	EndGlobalSection
EndGlobal
