Microsoft Visual Studio Solution File, Format Version 12.00
# Visual Studio Version 17
VisualStudioVersion = 17.5.2.0
MinimumVisualStudioVersion = 10.0.40219.1
Project("{FAE04EC0-301F-11D3-BF4B-00C04F79EFBC}") = "5-28-C#", "5-28-C#.csproj", "{3BBCDC7C-C0C1-2EE7-3EE8-9C8158126602}"
EndProject
Global
	GlobalSection(SolutionConfigurationPlatforms) = preSolution
		Debug|Any CPU = Debug|Any CPU
		Release|Any CPU = Release|Any CPU
	EndGlobalSection
	GlobalSection(ProjectConfigurationPlatforms) = postSolution
		{3BBCDC7C-C0C1-2EE7-3EE8-9C8158126602}.Debug|Any CPU.ActiveCfg = Debug|Any CPU
		{3BBCDC7C-C0C1-2EE7-3EE8-9C8158126602}.Debug|Any CPU.Build.0 = Debug|Any CPU
		{3BBCDC7C-C0C1-2EE7-3EE8-9C8158126602}.Release|Any CPU.ActiveCfg = Release|Any CPU
		{3BBCDC7C-C0C1-2EE7-3EE8-9C8158126602}.Release|Any CPU.Build.0 = Release|Any CPU
	EndGlobalSection
	GlobalSection(SolutionProperties) = preSolution
		HideSolutionNode = FALSE
	EndGlobalSection
	GlobalSection(ExtensibilityGlobals) = postSolution
		SolutionGuid = {A8673625-5B20-476C-BC50-E8B0023267B4}
	EndGlobalSection
EndGlobal
