Microsoft Visual Studio Solution File, Format Version 12.00
# Visual Studio Version 17
VisualStudioVersion = 17.5.2.0
MinimumVisualStudioVersion = 10.0.40219.1
Project("{FAE04EC0-301F-11D3-BF4B-00C04F79EFBC}") = "5-2-C#", "5-2-C#.csproj", "{8B16E9AA-554A-8956-55EC-E1BD5EB3387E}"
EndProject
Global
	GlobalSection(SolutionConfigurationPlatforms) = preSolution
		Debug|Any CPU = Debug|Any CPU
		Release|Any CPU = Release|Any CPU
	EndGlobalSection
	GlobalSection(ProjectConfigurationPlatforms) = postSolution
		{8B16E9AA-554A-8956-55EC-E1BD5EB3387E}.Debug|Any CPU.ActiveCfg = Debug|Any CPU
		{8B16E9AA-554A-8956-55EC-E1BD5EB3387E}.Debug|Any CPU.Build.0 = Debug|Any CPU
		{8B16E9AA-554A-8956-55EC-E1BD5EB3387E}.Release|Any CPU.ActiveCfg = Release|Any CPU
		{8B16E9AA-554A-8956-55EC-E1BD5EB3387E}.Release|Any CPU.Build.0 = Release|Any CPU
	EndGlobalSection
	GlobalSection(SolutionProperties) = preSolution
		HideSolutionNode = FALSE
	EndGlobalSection
	GlobalSection(ExtensibilityGlobals) = postSolution
		SolutionGuid = {35CB61CA-4C75-4B76-B0BF-B2B3B6AC2169}
	EndGlobalSection
EndGlobal
