Microsoft Visual Studio Solution File, Format Version 12.00
# Visual Studio Version 17
VisualStudioVersion = 17.5.2.0
MinimumVisualStudioVersion = 10.0.40219.1
Project("{FAE04EC0-301F-11D3-BF4B-00C04F79EFBC}") = "9-6-4-C#", "9-6-4-C#.csproj", "{81510D17-13FA-575E-54A8-C2682BD5307B}"
EndProject
Global
	GlobalSection(SolutionConfigurationPlatforms) = preSolution
		Debug|Any CPU = Debug|Any CPU
		Release|Any CPU = Release|Any CPU
	EndGlobalSection
	GlobalSection(ProjectConfigurationPlatforms) = postSolution
		{81510D17-13FA-575E-54A8-C2682BD5307B}.Debug|Any CPU.ActiveCfg = Debug|Any CPU
		{81510D17-13FA-575E-54A8-C2682BD5307B}.Debug|Any CPU.Build.0 = Debug|Any CPU
		{81510D17-13FA-575E-54A8-C2682BD5307B}.Release|Any CPU.ActiveCfg = Release|Any CPU
		{81510D17-13FA-575E-54A8-C2682BD5307B}.Release|Any CPU.Build.0 = Release|Any CPU
	EndGlobalSection
	GlobalSection(SolutionProperties) = preSolution
		HideSolutionNode = FALSE
	EndGlobalSection
	GlobalSection(ExtensibilityGlobals) = postSolution
		SolutionGuid = {A3E6BDEB-9B73-467E-A097-A7937630190D}
	EndGlobalSection
EndGlobal
