Microsoft Visual Studio Solution File, Format Version 12.00
# Visual Studio Version 17
VisualStudioVersion = 17.5.2.0
MinimumVisualStudioVersion = 10.0.40219.1
Project("{FAE04EC0-301F-11D3-BF4B-00C04F79EFBC}") = "5-41-C#", "5-41-C#.csproj", "{CEE9BD63-EC5E-D0D3-8CBA-C4A8CB3CDCEA}"
EndProject
Global
	GlobalSection(SolutionConfigurationPlatforms) = preSolution
		Debug|Any CPU = Debug|Any CPU
		Release|Any CPU = Release|Any CPU
	EndGlobalSection
	GlobalSection(ProjectConfigurationPlatforms) = postSolution
		{CEE9BD63-EC5E-D0D3-8CBA-C4A8CB3CDCEA}.Debug|Any CPU.ActiveCfg = Debug|Any CPU
		{CEE9BD63-EC5E-D0D3-8CBA-C4A8CB3CDCEA}.Debug|Any CPU.Build.0 = Debug|Any CPU
		{CEE9BD63-EC5E-D0D3-8CBA-C4A8CB3CDCEA}.Release|Any CPU.ActiveCfg = Release|Any CPU
		{CEE9BD63-EC5E-D0D3-8CBA-C4A8CB3CDCEA}.Release|Any CPU.Build.0 = Release|Any CPU
	EndGlobalSection
	GlobalSection(SolutionProperties) = preSolution
		HideSolutionNode = FALSE
	EndGlobalSection
	GlobalSection(ExtensibilityGlobals) = postSolution
		SolutionGuid = {D5C78DD2-D024-481D-BB45-292852673FE3}
	EndGlobalSection
EndGlobal
