Microsoft Visual Studio Solution File, Format Version 12.00
# Visual Studio Version 17
VisualStudioVersion = 17.5.2.0
MinimumVisualStudioVersion = 10.0.40219.1
Project("{FAE04EC0-301F-11D3-BF4B-00C04F79EFBC}") = "5-51-C#", "5-51-C#.csproj", "{7AD7D9B7-BB34-109D-2FD3-AD2F126B9921}"
EndProject
Global
	GlobalSection(SolutionConfigurationPlatforms) = preSolution
		Debug|Any CPU = Debug|Any CPU
		Release|Any CPU = Release|Any CPU
	EndGlobalSection
	GlobalSection(ProjectConfigurationPlatforms) = postSolution
		{7AD7D9B7-BB34-109D-2FD3-AD2F126B9921}.Debug|Any CPU.ActiveCfg = Debug|Any CPU
		{7AD7D9B7-BB34-109D-2FD3-AD2F126B9921}.Debug|Any CPU.Build.0 = Debug|Any CPU
		{7AD7D9B7-BB34-109D-2FD3-AD2F126B9921}.Release|Any CPU.ActiveCfg = Release|Any CPU
		{7AD7D9B7-BB34-109D-2FD3-AD2F126B9921}.Release|Any CPU.Build.0 = Release|Any CPU
	EndGlobalSection
	GlobalSection(SolutionProperties) = preSolution
		HideSolutionNode = FALSE
	EndGlobalSection
	GlobalSection(ExtensibilityGlobals) = postSolution
		SolutionGuid = {3B1A13A0-A4B2-409A-882D-041727A30EAD}
	EndGlobalSection
EndGlobal
