Microsoft Visual Studio Solution File, Format Version 12.00
# Visual Studio Version 17
VisualStudioVersion = 17.5.2.0
MinimumVisualStudioVersion = 10.0.40219.1
Project("{FAE04EC0-301F-11D3-BF4B-00C04F79EFBC}") = "5-4-6-C#", "5-4-6-C#.csproj", "{47E3458A-0700-21BC-A688-99606E97B1BA}"
EndProject
Global
	GlobalSection(SolutionConfigurationPlatforms) = preSolution
		Debug|Any CPU = Debug|Any CPU
		Release|Any CPU = Release|Any CPU
	EndGlobalSection
	GlobalSection(ProjectConfigurationPlatforms) = postSolution
		{47E3458A-0700-21BC-A688-99606E97B1BA}.Debug|Any CPU.ActiveCfg = Debug|Any CPU
		{47E3458A-0700-21BC-A688-99606E97B1BA}.Debug|Any CPU.Build.0 = Debug|Any CPU
		{47E3458A-0700-21BC-A688-99606E97B1BA}.Release|Any CPU.ActiveCfg = Release|Any CPU
		{47E3458A-0700-21BC-A688-99606E97B1BA}.Release|Any CPU.Build.0 = Release|Any CPU
	EndGlobalSection
	GlobalSection(SolutionProperties) = preSolution
		HideSolutionNode = FALSE
	EndGlobalSection
	GlobalSection(ExtensibilityGlobals) = postSolution
		SolutionGuid = {BE9DBE0F-78F3-4E12-BD16-38E62C2E5310}
	EndGlobalSection
EndGlobal
