Microsoft Visual Studio Solution File, Format Version 12.00
# Visual Studio Version 17
VisualStudioVersion = 17.5.2.0
MinimumVisualStudioVersion = 10.0.40219.1
Project("{FAE04EC0-301F-11D3-BF4B-00C04F79EFBC}") = "4-2-C#", "4-2-C#.csproj", "{96C84782-4BB9-8EB2-9A02-63FDE08A2B60}"
EndProject
Global
	GlobalSection(SolutionConfigurationPlatforms) = preSolution
		Debug|Any CPU = Debug|Any CPU
		Release|Any CPU = Release|Any CPU
	EndGlobalSection
	GlobalSection(ProjectConfigurationPlatforms) = postSolution
		{96C84782-4BB9-8EB2-9A02-63FDE08A2B60}.Debug|Any CPU.ActiveCfg = Debug|Any CPU
		{96C84782-4BB9-8EB2-9A02-63FDE08A2B60}.Debug|Any CPU.Build.0 = Debug|Any CPU
		{96C84782-4BB9-8EB2-9A02-63FDE08A2B60}.Release|Any CPU.ActiveCfg = Release|Any CPU
		{96C84782-4BB9-8EB2-9A02-63FDE08A2B60}.Release|Any CPU.Build.0 = Release|Any CPU
	EndGlobalSection
	GlobalSection(SolutionProperties) = preSolution
		HideSolutionNode = FALSE
	EndGlobalSection
	GlobalSection(ExtensibilityGlobals) = postSolution
		SolutionGuid = {3D04E5C4-C49A-4F77-89C9-4C23F66C0BC6}
	EndGlobalSection
EndGlobal
