Microsoft Visual Studio Solution File, Format Version 12.00
# Visual Studio Version 17
VisualStudioVersion = 17.5.2.0
MinimumVisualStudioVersion = 10.0.40219.1
Project("{FAE04EC0-301F-11D3-BF4B-00C04F79EFBC}") = "13-2-16-C#", "13-2-16-C#.csproj", "{6C0E7CE0-C57B-84D0-78A4-4BD61F3E2399}"
EndProject
Global
	GlobalSection(SolutionConfigurationPlatforms) = preSolution
		Debug|Any CPU = Debug|Any CPU
		Release|Any CPU = Release|Any CPU
	EndGlobalSection
	GlobalSection(ProjectConfigurationPlatforms) = postSolution
		{6C0E7CE0-C57B-84D0-78A4-4BD61F3E2399}.Debug|Any CPU.ActiveCfg = Debug|Any CPU
		{6C0E7CE0-C57B-84D0-78A4-4BD61F3E2399}.Debug|Any CPU.Build.0 = Debug|Any CPU
		{6C0E7CE0-C57B-84D0-78A4-4BD61F3E2399}.Release|Any CPU.ActiveCfg = Release|Any CPU
		{6C0E7CE0-C57B-84D0-78A4-4BD61F3E2399}.Release|Any CPU.Build.0 = Release|Any CPU
	EndGlobalSection
	GlobalSection(SolutionProperties) = preSolution
		HideSolutionNode = FALSE
	EndGlobalSection
	GlobalSection(ExtensibilityGlobals) = postSolution
		SolutionGuid = {1ECB6F01-9C13-4EDF-8EA0-2021A8B379F5}
	EndGlobalSection
EndGlobal
