Microsoft Visual Studio Solution File, Format Version 12.00
# Visual Studio Version 17
VisualStudioVersion = 17.5.2.0
MinimumVisualStudioVersion = 10.0.40219.1
Project("{FAE04EC0-301F-11D3-BF4B-00C04F79EFBC}") = "14-3-4-C#", "14-3-4-C#.csproj", "{164CBB41-E0FC-456A-19E9-7434C2B6CFD5}"
EndProject
Global
	GlobalSection(SolutionConfigurationPlatforms) = preSolution
		Debug|Any CPU = Debug|Any CPU
		Release|Any CPU = Release|Any CPU
	EndGlobalSection
	GlobalSection(ProjectConfigurationPlatforms) = postSolution
		{164CBB41-E0FC-456A-19E9-7434C2B6CFD5}.Debug|Any CPU.ActiveCfg = Debug|Any CPU
		{164CBB41-E0FC-456A-19E9-7434C2B6CFD5}.Debug|Any CPU.Build.0 = Debug|Any CPU
		{164CBB41-E0FC-456A-19E9-7434C2B6CFD5}.Release|Any CPU.ActiveCfg = Release|Any CPU
		{164CBB41-E0FC-456A-19E9-7434C2B6CFD5}.Release|Any CPU.Build.0 = Release|Any CPU
	EndGlobalSection
	GlobalSection(SolutionProperties) = preSolution
		HideSolutionNode = FALSE
	EndGlobalSection
	GlobalSection(ExtensibilityGlobals) = postSolution
		SolutionGuid = {494F57E0-ABDB-4DDA-B4F1-D14ABCC2D42F}
	EndGlobalSection
EndGlobal
