Microsoft Visual Studio Solution File, Format Version 12.00
# Visual Studio Version 17
VisualStudioVersion = 17.5.2.0
MinimumVisualStudioVersion = 10.0.40219.1
Project("{FAE04EC0-301F-11D3-BF4B-00C04F79EFBC}") = "11-5-4-C#", "11-5-4-C#.csproj", "{2F628AC9-1FF8-10EB-20C6-F8B08FE13792}"
EndProject
Global
	GlobalSection(SolutionConfigurationPlatforms) = preSolution
		Debug|Any CPU = Debug|Any CPU
		Release|Any CPU = Release|Any CPU
	EndGlobalSection
	GlobalSection(ProjectConfigurationPlatforms) = postSolution
		{2F628AC9-1FF8-10EB-20C6-F8B08FE13792}.Debug|Any CPU.ActiveCfg = Debug|Any CPU
		{2F628AC9-1FF8-10EB-20C6-F8B08FE13792}.Debug|Any CPU.Build.0 = Debug|Any CPU
		{2F628AC9-1FF8-10EB-20C6-F8B08FE13792}.Release|Any CPU.ActiveCfg = Release|Any CPU
		{2F628AC9-1FF8-10EB-20C6-F8B08FE13792}.Release|Any CPU.Build.0 = Release|Any CPU
	EndGlobalSection
	GlobalSection(SolutionProperties) = preSolution
		HideSolutionNode = FALSE
	EndGlobalSection
	GlobalSection(ExtensibilityGlobals) = postSolution
		SolutionGuid = {66D09EB3-DE62-4CD4-BADA-29A928114E75}
	EndGlobalSection
EndGlobal
