Microsoft Visual Studio Solution File, Format Version 12.00
# Visual Studio Version 17
VisualStudioVersion = 17.5.2.0
MinimumVisualStudioVersion = 10.0.40219.1
Project("{FAE04EC0-301F-11D3-BF4B-00C04F79EFBC}") = "13-2-21-C#", "13-2-21-C#.csproj", "{11049A8F-E94C-603B-6A33-4B0208364858}"
EndProject
Global
	GlobalSection(SolutionConfigurationPlatforms) = preSolution
		Debug|Any CPU = Debug|Any CPU
		Release|Any CPU = Release|Any CPU
	EndGlobalSection
	GlobalSection(ProjectConfigurationPlatforms) = postSolution
		{11049A8F-E94C-603B-6A33-4B0208364858}.Debug|Any CPU.ActiveCfg = Debug|Any CPU
		{11049A8F-E94C-603B-6A33-4B0208364858}.Debug|Any CPU.Build.0 = Debug|Any CPU
		{11049A8F-E94C-603B-6A33-4B0208364858}.Release|Any CPU.ActiveCfg = Release|Any CPU
		{11049A8F-E94C-603B-6A33-4B0208364858}.Release|Any CPU.Build.0 = Release|Any CPU
	EndGlobalSection
	GlobalSection(SolutionProperties) = preSolution
		HideSolutionNode = FALSE
	EndGlobalSection
	GlobalSection(ExtensibilityGlobals) = postSolution
		SolutionGuid = {10D72981-9344-4518-BE73-1AE43CE9C73C}
	EndGlobalSection
EndGlobal
