Microsoft Visual Studio Solution File, Format Version 12.00
# Visual Studio Version 17
VisualStudioVersion = 17.5.2.0
MinimumVisualStudioVersion = 10.0.40219.1
Project("{FAE04EC0-301F-11D3-BF4B-00C04F79EFBC}") = "9-4-1-C#", "9-4-1-C#.csproj", "{61A8DF8A-B32A-4AFA-9643-0B589028972C}"
EndProject
Global
	GlobalSection(SolutionConfigurationPlatforms) = preSolution
		Debug|Any CPU = Debug|Any CPU
		Release|Any CPU = Release|Any CPU
	EndGlobalSection
	GlobalSection(ProjectConfigurationPlatforms) = postSolution
		{61A8DF8A-B32A-4AFA-9643-0B589028972C}.Debug|Any CPU.ActiveCfg = Debug|Any CPU
		{61A8DF8A-B32A-4AFA-9643-0B589028972C}.Debug|Any CPU.Build.0 = Debug|Any CPU
		{61A8DF8A-B32A-4AFA-9643-0B589028972C}.Release|Any CPU.ActiveCfg = Release|Any CPU
		{61A8DF8A-B32A-4AFA-9643-0B589028972C}.Release|Any CPU.Build.0 = Release|Any CPU
	EndGlobalSection
	GlobalSection(SolutionProperties) = preSolution
		HideSolutionNode = FALSE
	EndGlobalSection
	GlobalSection(ExtensibilityGlobals) = postSolution
		SolutionGuid = {F513554E-8EAB-4DA1-88E8-D9CB7A8246FD}
	EndGlobalSection
EndGlobal
