Microsoft Visual Studio Solution File, Format Version 12.00
# Visual Studio Version 17
VisualStudioVersion = 17.5.2.0
MinimumVisualStudioVersion = 10.0.40219.1
Project("{FAE04EC0-301F-11D3-BF4B-00C04F79EFBC}") = "15-5-4-C#", "15-5-4-C#.csproj", "{78CAB307-EA93-E45B-5B94-7EC7A5E07CF3}"
EndProject
Global
	GlobalSection(SolutionConfigurationPlatforms) = preSolution
		Debug|Any CPU = Debug|Any CPU
		Release|Any CPU = Release|Any CPU
	EndGlobalSection
	GlobalSection(ProjectConfigurationPlatforms) = postSolution
		{78CAB307-EA93-E45B-5B94-7EC7A5E07CF3}.Debug|Any CPU.ActiveCfg = Debug|Any CPU
		{78CAB307-EA93-E45B-5B94-7EC7A5E07CF3}.Debug|Any CPU.Build.0 = Debug|Any CPU
		{78CAB307-EA93-E45B-5B94-7EC7A5E07CF3}.Release|Any CPU.ActiveCfg = Release|Any CPU
		{78CAB307-EA93-E45B-5B94-7EC7A5E07CF3}.Release|Any CPU.Build.0 = Release|Any CPU
	EndGlobalSection
	GlobalSection(SolutionProperties) = preSolution
		HideSolutionNode = FALSE
	EndGlobalSection
	GlobalSection(ExtensibilityGlobals) = postSolution
		SolutionGuid = {C0E97F21-715F-49C7-9DB1-01ACDDC1095F}
	EndGlobalSection
EndGlobal
