Microsoft Visual Studio Solution File, Format Version 12.00
# Visual Studio Version 17
VisualStudioVersion = 17.5.2.0
MinimumVisualStudioVersion = 10.0.40219.1
Project("{FAE04EC0-301F-11D3-BF4B-00C04F79EFBC}") = "5-4-14-C#", "5-4-14-C#.csproj", "{68FA2E07-D7C8-22F0-517C-F667D4AEA365}"
EndProject
Global
	GlobalSection(SolutionConfigurationPlatforms) = preSolution
		Debug|Any CPU = Debug|Any CPU
		Release|Any CPU = Release|Any CPU
	EndGlobalSection
	GlobalSection(ProjectConfigurationPlatforms) = postSolution
		{68FA2E07-D7C8-22F0-517C-F667D4AEA365}.Debug|Any CPU.ActiveCfg = Debug|Any CPU
		{68FA2E07-D7C8-22F0-517C-F667D4AEA365}.Debug|Any CPU.Build.0 = Debug|Any CPU
		{68FA2E07-D7C8-22F0-517C-F667D4AEA365}.Release|Any CPU.ActiveCfg = Release|Any CPU
		{68FA2E07-D7C8-22F0-517C-F667D4AEA365}.Release|Any CPU.Build.0 = Release|Any CPU
	EndGlobalSection
	GlobalSection(SolutionProperties) = preSolution
		HideSolutionNode = FALSE
	EndGlobalSection
	GlobalSection(ExtensibilityGlobals) = postSolution
		SolutionGuid = {81F807DC-BFA0-4906-8737-DF2F22CA6568}
	EndGlobalSection
EndGlobal
