Microsoft Visual Studio Solution File, Format Version 12.00
# Visual Studio Version 17
VisualStudioVersion = 17.5.2.0
MinimumVisualStudioVersion = 10.0.40219.1
Project("{FAE04EC0-301F-11D3-BF4B-00C04F79EFBC}") = "4-3-4-C#", "4-3-4-C#.csproj", "{BE4E8863-69B2-B91C-8E60-CCF80C9469EF}"
EndProject
Global
	GlobalSection(SolutionConfigurationPlatforms) = preSolution
		Debug|Any CPU = Debug|Any CPU
		Release|Any CPU = Release|Any CPU
	EndGlobalSection
	GlobalSection(ProjectConfigurationPlatforms) = postSolution
		{BE4E8863-69B2-B91C-8E60-CCF80C9469EF}.Debug|Any CPU.ActiveCfg = Debug|Any CPU
		{BE4E8863-69B2-B91C-8E60-CCF80C9469EF}.Debug|Any CPU.Build.0 = Debug|Any CPU
		{BE4E8863-69B2-B91C-8E60-CCF80C9469EF}.Release|Any CPU.ActiveCfg = Release|Any CPU
		{BE4E8863-69B2-B91C-8E60-CCF80C9469EF}.Release|Any CPU.Build.0 = Release|Any CPU
	EndGlobalSection
	GlobalSection(SolutionProperties) = preSolution
		HideSolutionNode = FALSE
	EndGlobalSection
	GlobalSection(ExtensibilityGlobals) = postSolution
		SolutionGuid = {A5EE7491-BEFF-4399-8BAD-9A93EA7714D5}
	EndGlobalSection
EndGlobal
