Microsoft Visual Studio Solution File, Format Version 12.00
# Visual Studio Version 17
VisualStudioVersion = 17.5.2.0
MinimumVisualStudioVersion = 10.0.40219.1
Project("{FAE04EC0-301F-11D3-BF4B-00C04F79EFBC}") = "9-4-2-C#", "9-4-2-C#.csproj", "{F35FAE75-E5B4-9CF1-1517-94179A484B7D}"
EndProject
Global
	GlobalSection(SolutionConfigurationPlatforms) = preSolution
		Debug|Any CPU = Debug|Any CPU
		Release|Any CPU = Release|Any CPU
	EndGlobalSection
	GlobalSection(ProjectConfigurationPlatforms) = postSolution
		{F35FAE75-E5B4-9CF1-1517-94179A484B7D}.Debug|Any CPU.ActiveCfg = Debug|Any CPU
		{F35FAE75-E5B4-9CF1-1517-94179A484B7D}.Debug|Any CPU.Build.0 = Debug|Any CPU
		{F35FAE75-E5B4-9CF1-1517-94179A484B7D}.Release|Any CPU.ActiveCfg = Release|Any CPU
		{F35FAE75-E5B4-9CF1-1517-94179A484B7D}.Release|Any CPU.Build.0 = Release|Any CPU
	EndGlobalSection
	GlobalSection(SolutionProperties) = preSolution
		HideSolutionNode = FALSE
	EndGlobalSection
	GlobalSection(ExtensibilityGlobals) = postSolution
		SolutionGuid = {C0E8D892-A12B-4D64-9BDC-2824A38AF056}
	EndGlobalSection
EndGlobal
