Microsoft Visual Studio Solution File, Format Version 12.00
# Visual Studio Version 17
VisualStudioVersion = 17.5.2.0
MinimumVisualStudioVersion = 10.0.40219.1
Project("{FAE04EC0-301F-11D3-BF4B-00C04F79EFBC}") = "5-3-1-C#", "5-3-1-C#.csproj", "{27E0F845-79D5-79F9-B52A-CFAA1357E9F5}"
EndProject
Global
	GlobalSection(SolutionConfigurationPlatforms) = preSolution
		Debug|Any CPU = Debug|Any CPU
		Release|Any CPU = Release|Any CPU
	EndGlobalSection
	GlobalSection(ProjectConfigurationPlatforms) = postSolution
		{27E0F845-79D5-79F9-B52A-CFAA1357E9F5}.Debug|Any CPU.ActiveCfg = Debug|Any CPU
		{27E0F845-79D5-79F9-B52A-CFAA1357E9F5}.Debug|Any CPU.Build.0 = Debug|Any CPU
		{27E0F845-79D5-79F9-B52A-CFAA1357E9F5}.Release|Any CPU.ActiveCfg = Release|Any CPU
		{27E0F845-79D5-79F9-B52A-CFAA1357E9F5}.Release|Any CPU.Build.0 = Release|Any CPU
	EndGlobalSection
	GlobalSection(SolutionProperties) = preSolution
		HideSolutionNode = FALSE
	EndGlobalSection
	GlobalSection(ExtensibilityGlobals) = postSolution
		SolutionGuid = {26102CF0-A98B-4C62-9187-11C58F275B36}
	EndGlobalSection
EndGlobal
