Microsoft Visual Studio Solution File, Format Version 12.00
# Visual Studio Version 17
VisualStudioVersion = 17.5.2.0
MinimumVisualStudioVersion = 10.0.40219.1
Project("{FAE04EC0-301F-11D3-BF4B-00C04F79EFBC}") = "6-7-C#", "6-7-C#.csproj", "{16D7917C-28E8-FCC0-5084-A1CBDDD922F5}"
EndProject
Global
	GlobalSection(SolutionConfigurationPlatforms) = preSolution
		Debug|Any CPU = Debug|Any CPU
		Release|Any CPU = Release|Any CPU
	EndGlobalSection
	GlobalSection(ProjectConfigurationPlatforms) = postSolution
		{16D7917C-28E8-FCC0-5084-A1CBDDD922F5}.Debug|Any CPU.ActiveCfg = Debug|Any CPU
		{16D7917C-28E8-FCC0-5084-A1CBDDD922F5}.Debug|Any CPU.Build.0 = Debug|Any CPU
		{16D7917C-28E8-FCC0-5084-A1CBDDD922F5}.Release|Any CPU.ActiveCfg = Release|Any CPU
		{16D7917C-28E8-FCC0-5084-A1CBDDD922F5}.Release|Any CPU.Build.0 = Release|Any CPU
	EndGlobalSection
	GlobalSection(SolutionProperties) = preSolution
		HideSolutionNode = FALSE
	EndGlobalSection
	GlobalSection(ExtensibilityGlobals) = postSolution
		SolutionGuid = {A1A298FD-BEC6-482A-B300-3FCBB6930F4C}
	EndGlobalSection
EndGlobal
