Microsoft Visual Studio Solution File, Format Version 12.00
# Visual Studio Version 17
VisualStudioVersion = 17.5.2.0
MinimumVisualStudioVersion = 10.0.40219.1
Project("{FAE04EC0-301F-11D3-BF4B-00C04F79EFBC}") = "14-3-3-C#", "14-3-3-C#.csproj", "{2F6F7349-B38D-F691-87D9-0AD6A1EDEE69}"
EndProject
Global
	GlobalSection(SolutionConfigurationPlatforms) = preSolution
		Debug|Any CPU = Debug|Any CPU
		Release|Any CPU = Release|Any CPU
	EndGlobalSection
	GlobalSection(ProjectConfigurationPlatforms) = postSolution
		{2F6F7349-B38D-F691-87D9-0AD6A1EDEE69}.Debug|Any CPU.ActiveCfg = Debug|Any CPU
		{2F6F7349-B38D-F691-87D9-0AD6A1EDEE69}.Debug|Any CPU.Build.0 = Debug|Any CPU
		{2F6F7349-B38D-F691-87D9-0AD6A1EDEE69}.Release|Any CPU.ActiveCfg = Release|Any CPU
		{2F6F7349-B38D-F691-87D9-0AD6A1EDEE69}.Release|Any CPU.Build.0 = Release|Any CPU
	EndGlobalSection
	GlobalSection(SolutionProperties) = preSolution
		HideSolutionNode = FALSE
	EndGlobalSection
	GlobalSection(ExtensibilityGlobals) = postSolution
		SolutionGuid = {9614AF7C-07B4-4EE2-AB37-692993716E90}
	EndGlobalSection
EndGlobal
