Microsoft Visual Studio Solution File, Format Version 12.00
# Visual Studio Version 17
VisualStudioVersion = 17.5.2.0
MinimumVisualStudioVersion = 10.0.40219.1
Project("{FAE04EC0-301F-11D3-BF4B-00C04F79EFBC}") = "9-6-18-C#", "9-6-18-C#.csproj", "{EFF485A2-BAE0-BA28-0F8A-8CA0281F1832}"
EndProject
Global
	GlobalSection(SolutionConfigurationPlatforms) = preSolution
		Debug|Any CPU = Debug|Any CPU
		Release|Any CPU = Release|Any CPU
	EndGlobalSection
	GlobalSection(ProjectConfigurationPlatforms) = postSolution
		{EFF485A2-BAE0-BA28-0F8A-8CA0281F1832}.Debug|Any CPU.ActiveCfg = Debug|Any CPU
		{EFF485A2-BAE0-BA28-0F8A-8CA0281F1832}.Debug|Any CPU.Build.0 = Debug|Any CPU
		{EFF485A2-BAE0-BA28-0F8A-8CA0281F1832}.Release|Any CPU.ActiveCfg = Release|Any CPU
		{EFF485A2-BAE0-BA28-0F8A-8CA0281F1832}.Release|Any CPU.Build.0 = Release|Any CPU
	EndGlobalSection
	GlobalSection(SolutionProperties) = preSolution
		HideSolutionNode = FALSE
	EndGlobalSection
	GlobalSection(ExtensibilityGlobals) = postSolution
		SolutionGuid = {4F26788D-C742-464C-8946-BBCA0361CF83}
	EndGlobalSection
EndGlobal
