Microsoft Visual Studio Solution File, Format Version 12.00
# Visual Studio Version 17
VisualStudioVersion = 17.5.2.0
MinimumVisualStudioVersion = 10.0.40219.1
Project("{FAE04EC0-301F-11D3-BF4B-00C04F79EFBC}") = "8-20-C#", "8-20-C#.csproj", "{475C7E61-3A3C-B9D2-D20E-F51B57758100}"
EndProject
Global
	GlobalSection(SolutionConfigurationPlatforms) = preSolution
		Debug|Any CPU = Debug|Any CPU
		Release|Any CPU = Release|Any CPU
	EndGlobalSection
	GlobalSection(ProjectConfigurationPlatforms) = postSolution
		{475C7E61-3A3C-B9D2-D20E-F51B57758100}.Debug|Any CPU.ActiveCfg = Debug|Any CPU
		{475C7E61-3A3C-B9D2-D20E-F51B57758100}.Debug|Any CPU.Build.0 = Debug|Any CPU
		{475C7E61-3A3C-B9D2-D20E-F51B57758100}.Release|Any CPU.ActiveCfg = Release|Any CPU
		{475C7E61-3A3C-B9D2-D20E-F51B57758100}.Release|Any CPU.Build.0 = Release|Any CPU
	EndGlobalSection
	GlobalSection(SolutionProperties) = preSolution
		HideSolutionNode = FALSE
	EndGlobalSection
	GlobalSection(ExtensibilityGlobals) = postSolution
		SolutionGuid = {E8FAE863-4B7E-4408-A71E-52407F8BF8CC}
	EndGlobalSection
EndGlobal
