Microsoft Visual Studio Solution File, Format Version 12.00
# Visual Studio Version 17
VisualStudioVersion = 17.5.2.0
MinimumVisualStudioVersion = 10.0.40219.1
Project("{FAE04EC0-301F-11D3-BF4B-00C04F79EFBC}") = "12-13-C#", "12-13-C#.csproj", "{C66C8606-CA31-2818-D4EC-9BE86AD4B4AA}"
EndProject
Global
	GlobalSection(SolutionConfigurationPlatforms) = preSolution
		Debug|Any CPU = Debug|Any CPU
		Release|Any CPU = Release|Any CPU
	EndGlobalSection
	GlobalSection(ProjectConfigurationPlatforms) = postSolution
		{C66C8606-CA31-2818-D4EC-9BE86AD4B4AA}.Debug|Any CPU.ActiveCfg = Debug|Any CPU
		{C66C8606-CA31-2818-D4EC-9BE86AD4B4AA}.Debug|Any CPU.Build.0 = Debug|Any CPU
		{C66C8606-CA31-2818-D4EC-9BE86AD4B4AA}.Release|Any CPU.ActiveCfg = Release|Any CPU
		{C66C8606-CA31-2818-D4EC-9BE86AD4B4AA}.Release|Any CPU.Build.0 = Release|Any CPU
	EndGlobalSection
	GlobalSection(SolutionProperties) = preSolution
		HideSolutionNode = FALSE
	EndGlobalSection
	GlobalSection(ExtensibilityGlobals) = postSolution
		SolutionGuid = {2176DEDE-E98E-448A-8C84-B0ECA7007E30}
	EndGlobalSection
EndGlobal
