Microsoft Visual Studio Solution File, Format Version 12.00
# Visual Studio Version 17
VisualStudioVersion = 17.5.2.0
MinimumVisualStudioVersion = 10.0.40219.1
Project("{FAE04EC0-301F-11D3-BF4B-00C04F79EFBC}") = "9-5-1-C#", "9-5-1-C#.csproj", "{A9237E3D-04CA-9DBC-77AF-B6D448516DF7}"
EndProject
Global
	GlobalSection(SolutionConfigurationPlatforms) = preSolution
		Debug|Any CPU = Debug|Any CPU
		Release|Any CPU = Release|Any CPU
	EndGlobalSection
	GlobalSection(ProjectConfigurationPlatforms) = postSolution
		{A9237E3D-04CA-9DBC-77AF-B6D448516DF7}.Debug|Any CPU.ActiveCfg = Debug|Any CPU
		{A9237E3D-04CA-9DBC-77AF-B6D448516DF7}.Debug|Any CPU.Build.0 = Debug|Any CPU
		{A9237E3D-04CA-9DBC-77AF-B6D448516DF7}.Release|Any CPU.ActiveCfg = Release|Any CPU
		{A9237E3D-04CA-9DBC-77AF-B6D448516DF7}.Release|Any CPU.Build.0 = Release|Any CPU
	EndGlobalSection
	GlobalSection(SolutionProperties) = preSolution
		HideSolutionNode = FALSE
	EndGlobalSection
	GlobalSection(ExtensibilityGlobals) = postSolution
		SolutionGuid = {4B1A51DF-710C-4FF6-8B62-9705C3996F26}
	EndGlobalSection
EndGlobal
