Microsoft Visual Studio Solution File, Format Version 12.00
# Visual Studio Version 17
VisualStudioVersion = 17.5.2.0
MinimumVisualStudioVersion = 10.0.40219.1
Project("{FAE04EC0-301F-11D3-BF4B-00C04F79EFBC}") = "15-5-2-C#", "15-5-2-C#.csproj", "{CD9ED481-1C1E-E544-D79A-719E8D64A052}"
EndProject
Global
	GlobalSection(SolutionConfigurationPlatforms) = preSolution
		Debug|Any CPU = Debug|Any CPU
		Release|Any CPU = Release|Any CPU
	EndGlobalSection
	GlobalSection(ProjectConfigurationPlatforms) = postSolution
		{CD9ED481-1C1E-E544-D79A-719E8D64A052}.Debug|Any CPU.ActiveCfg = Debug|Any CPU
		{CD9ED481-1C1E-E544-D79A-719E8D64A052}.Debug|Any CPU.Build.0 = Debug|Any CPU
		{CD9ED481-1C1E-E544-D79A-719E8D64A052}.Release|Any CPU.ActiveCfg = Release|Any CPU
		{CD9ED481-1C1E-E544-D79A-719E8D64A052}.Release|Any CPU.Build.0 = Release|Any CPU
	EndGlobalSection
	GlobalSection(SolutionProperties) = preSolution
		HideSolutionNode = FALSE
	EndGlobalSection
	GlobalSection(ExtensibilityGlobals) = postSolution
		SolutionGuid = {04BE5DAE-760E-4C6B-A9E3-9F60DBD26391}
	EndGlobalSection
EndGlobal
