Microsoft Visual Studio Solution File, Format Version 12.00
# Visual Studio Version 17
VisualStudioVersion = 17.5.2.0
MinimumVisualStudioVersion = 10.0.40219.1
Project("{FAE04EC0-301F-11D3-BF4B-00C04F79EFBC}") = "8-5-2-C#", "8-5-2-C#.csproj", "{32CCDE93-1A41-7535-09FB-747D1163BAB4}"
EndProject
Global
	GlobalSection(SolutionConfigurationPlatforms) = preSolution
		Debug|Any CPU = Debug|Any CPU
		Release|Any CPU = Release|Any CPU
	EndGlobalSection
	GlobalSection(ProjectConfigurationPlatforms) = postSolution
		{32CCDE93-1A41-7535-09FB-747D1163BAB4}.Debug|Any CPU.ActiveCfg = Debug|Any CPU
		{32CCDE93-1A41-7535-09FB-747D1163BAB4}.Debug|Any CPU.Build.0 = Debug|Any CPU
		{32CCDE93-1A41-7535-09FB-747D1163BAB4}.Release|Any CPU.ActiveCfg = Release|Any CPU
		{32CCDE93-1A41-7535-09FB-747D1163BAB4}.Release|Any CPU.Build.0 = Release|Any CPU
	EndGlobalSection
	GlobalSection(SolutionProperties) = preSolution
		HideSolutionNode = FALSE
	EndGlobalSection
	GlobalSection(ExtensibilityGlobals) = postSolution
		SolutionGuid = {1FE3A546-B8CE-451C-812C-01D02B065ABD}
	EndGlobalSection
EndGlobal
