Microsoft Visual Studio Solution File, Format Version 12.00
# Visual Studio Version 17
VisualStudioVersion = 17.5.2.0
MinimumVisualStudioVersion = 10.0.40219.1
Project("{FAE04EC0-301F-11D3-BF4B-00C04F79EFBC}") = "5-3-8-C#", "5-3-8-C#.csproj", "{7C8B2323-19AA-0972-8DC5-2CCE307E563D}"
EndProject
Global
	GlobalSection(SolutionConfigurationPlatforms) = preSolution
		Debug|Any CPU = Debug|Any CPU
		Release|Any CPU = Release|Any CPU
	EndGlobalSection
	GlobalSection(ProjectConfigurationPlatforms) = postSolution
		{7C8B2323-19AA-0972-8DC5-2CCE307E563D}.Debug|Any CPU.ActiveCfg = Debug|Any CPU
		{7C8B2323-19AA-0972-8DC5-2CCE307E563D}.Debug|Any CPU.Build.0 = Debug|Any CPU
		{7C8B2323-19AA-0972-8DC5-2CCE307E563D}.Release|Any CPU.ActiveCfg = Release|Any CPU
		{7C8B2323-19AA-0972-8DC5-2CCE307E563D}.Release|Any CPU.Build.0 = Release|Any CPU
	EndGlobalSection
	GlobalSection(SolutionProperties) = preSolution
		HideSolutionNode = FALSE
	EndGlobalSection
	GlobalSection(ExtensibilityGlobals) = postSolution
		SolutionGuid = {CCEBF6B8-C1D3-499F-96B4-F4AC46025A3B}
	EndGlobalSection
EndGlobal
