Microsoft Visual Studio Solution File, Format Version 12.00
# Visual Studio Version 17
VisualStudioVersion = 17.5.2.0
MinimumVisualStudioVersion = 10.0.40219.1
Project("{FAE04EC0-301F-11D3-BF4B-00C04F79EFBC}") = "11-12-C#", "11-12-C#.csproj", "{A1356521-BE73-7E9F-7832-9B04435D9C67}"
EndProject
Global
	GlobalSection(SolutionConfigurationPlatforms) = preSolution
		Debug|Any CPU = Debug|Any CPU
		Release|Any CPU = Release|Any CPU
	EndGlobalSection
	GlobalSection(ProjectConfigurationPlatforms) = postSolution
		{A1356521-BE73-7E9F-7832-9B04435D9C67}.Debug|Any CPU.ActiveCfg = Debug|Any CPU
		{A1356521-BE73-7E9F-7832-9B04435D9C67}.Debug|Any CPU.Build.0 = Debug|Any CPU
		{A1356521-BE73-7E9F-7832-9B04435D9C67}.Release|Any CPU.ActiveCfg = Release|Any CPU
		{A1356521-BE73-7E9F-7832-9B04435D9C67}.Release|Any CPU.Build.0 = Release|Any CPU
	EndGlobalSection
	GlobalSection(SolutionProperties) = preSolution
		HideSolutionNode = FALSE
	EndGlobalSection
	GlobalSection(ExtensibilityGlobals) = postSolution
		SolutionGuid = {805D91CA-3E25-48C2-ABBC-87F1A542552F}
	EndGlobalSection
EndGlobal
