Microsoft Visual Studio Solution File, Format Version 12.00
# Visual Studio Version 17
VisualStudioVersion = 17.5.2.0
MinimumVisualStudioVersion = 10.0.40219.1
Project("{FAE04EC0-301F-11D3-BF4B-00C04F79EFBC}") = "15-7-1-C#", "15-7-1-C#.csproj", "{965FA719-AA6F-236E-8027-8D658D1A7F8B}"
EndProject
Global
	GlobalSection(SolutionConfigurationPlatforms) = preSolution
		Debug|Any CPU = Debug|Any CPU
		Release|Any CPU = Release|Any CPU
	EndGlobalSection
	GlobalSection(ProjectConfigurationPlatforms) = postSolution
		{965FA719-AA6F-236E-8027-8D658D1A7F8B}.Debug|Any CPU.ActiveCfg = Debug|Any CPU
		{965FA719-AA6F-236E-8027-8D658D1A7F8B}.Debug|Any CPU.Build.0 = Debug|Any CPU
		{965FA719-AA6F-236E-8027-8D658D1A7F8B}.Release|Any CPU.ActiveCfg = Release|Any CPU
		{965FA719-AA6F-236E-8027-8D658D1A7F8B}.Release|Any CPU.Build.0 = Release|Any CPU
	EndGlobalSection
	GlobalSection(SolutionProperties) = preSolution
		HideSolutionNode = FALSE
	EndGlobalSection
	GlobalSection(ExtensibilityGlobals) = postSolution
		SolutionGuid = {0B158986-0153-47A2-98E2-3752829EC4B1}
	EndGlobalSection
EndGlobal
