Microsoft Visual Studio Solution File, Format Version 12.00
# Visual Studio Version 17
VisualStudioVersion = 17.5.2.0
MinimumVisualStudioVersion = 10.0.40219.1
Project("{FAE04EC0-301F-11D3-BF4B-00C04F79EFBC}") = "12-3-3-C#", "12-3-3-C#.csproj", "{B7A77CCA-1AFA-FF6D-72D2-6F68890F3F5C}"
EndProject
Global
	GlobalSection(SolutionConfigurationPlatforms) = preSolution
		Debug|Any CPU = Debug|Any CPU
		Release|Any CPU = Release|Any CPU
	EndGlobalSection
	GlobalSection(ProjectConfigurationPlatforms) = postSolution
		{B7A77CCA-1AFA-FF6D-72D2-6F68890F3F5C}.Debug|Any CPU.ActiveCfg = Debug|Any CPU
		{B7A77CCA-1AFA-FF6D-72D2-6F68890F3F5C}.Debug|Any CPU.Build.0 = Debug|Any CPU
		{B7A77CCA-1AFA-FF6D-72D2-6F68890F3F5C}.Release|Any CPU.ActiveCfg = Release|Any CPU
		{B7A77CCA-1AFA-FF6D-72D2-6F68890F3F5C}.Release|Any CPU.Build.0 = Release|Any CPU
	EndGlobalSection
	GlobalSection(SolutionProperties) = preSolution
		HideSolutionNode = FALSE
	EndGlobalSection
	GlobalSection(ExtensibilityGlobals) = postSolution
		SolutionGuid = {C0821AEC-CFE9-4D33-B312-2F8E5BB6A764}
	EndGlobalSection
EndGlobal
