Microsoft Visual Studio Solution File, Format Version 12.00
# Visual Studio Version 17
VisualStudioVersion = 17.5.2.0
MinimumVisualStudioVersion = 10.0.40219.1
Project("{FAE04EC0-301F-11D3-BF4B-00C04F79EFBC}") = "6-3-C#", "6-3-C#.csproj", "{E4D45A2D-A50F-0F89-1C23-C281E7BC006F}"
EndProject
Global
	GlobalSection(SolutionConfigurationPlatforms) = preSolution
		Debug|Any CPU = Debug|Any CPU
		Release|Any CPU = Release|Any CPU
	EndGlobalSection
	GlobalSection(ProjectConfigurationPlatforms) = postSolution
		{E4D45A2D-A50F-0F89-1C23-C281E7BC006F}.Debug|Any CPU.ActiveCfg = Debug|Any CPU
		{E4D45A2D-A50F-0F89-1C23-C281E7BC006F}.Debug|Any CPU.Build.0 = Debug|Any CPU
		{E4D45A2D-A50F-0F89-1C23-C281E7BC006F}.Release|Any CPU.ActiveCfg = Release|Any CPU
		{E4D45A2D-A50F-0F89-1C23-C281E7BC006F}.Release|Any CPU.Build.0 = Release|Any CPU
	EndGlobalSection
	GlobalSection(SolutionProperties) = preSolution
		HideSolutionNode = FALSE
	EndGlobalSection
	GlobalSection(ExtensibilityGlobals) = postSolution
		SolutionGuid = {775B315C-A209-460E-A175-07D56CEFFFF5}
	EndGlobalSection
EndGlobal
