Microsoft Visual Studio Solution File, Format Version 12.00
# Visual Studio Version 17
VisualStudioVersion = 17.5.2.0
MinimumVisualStudioVersion = 10.0.40219.1
Project("{FAE04EC0-301F-11D3-BF4B-00C04F79EFBC}") = "5-32-C#", "5-32-C#.csproj", "{27DB0871-FAA7-793F-07BC-390BC0AC3097}"
EndProject
Global
	GlobalSection(SolutionConfigurationPlatforms) = preSolution
		Debug|Any CPU = Debug|Any CPU
		Release|Any CPU = Release|Any CPU
	EndGlobalSection
	GlobalSection(ProjectConfigurationPlatforms) = postSolution
		{27DB0871-FAA7-793F-07BC-390BC0AC3097}.Debug|Any CPU.ActiveCfg = Debug|Any CPU
		{27DB0871-FAA7-793F-07BC-390BC0AC3097}.Debug|Any CPU.Build.0 = Debug|Any CPU
		{27DB0871-FAA7-793F-07BC-390BC0AC3097}.Release|Any CPU.ActiveCfg = Release|Any CPU
		{27DB0871-FAA7-793F-07BC-390BC0AC3097}.Release|Any CPU.Build.0 = Release|Any CPU
	EndGlobalSection
	GlobalSection(SolutionProperties) = preSolution
		HideSolutionNode = FALSE
	EndGlobalSection
	GlobalSection(ExtensibilityGlobals) = postSolution
		SolutionGuid = {86206BB4-A0BA-4817-AC58-3FEFB1B36BE6}
	EndGlobalSection
EndGlobal
