Microsoft Visual Studio Solution File, Format Version 12.00
# Visual Studio Version 17
VisualStudioVersion = 17.5.2.0
MinimumVisualStudioVersion = 10.0.40219.1
Project("{FAE04EC0-301F-11D3-BF4B-00C04F79EFBC}") = "11-9-1-C#", "11-9-1-C#.csproj", "{B283048F-0420-5F9E-895C-AE851B203FFF}"
EndProject
Global
	GlobalSection(SolutionConfigurationPlatforms) = preSolution
		Debug|Any CPU = Debug|Any CPU
		Release|Any CPU = Release|Any CPU
	EndGlobalSection
	GlobalSection(ProjectConfigurationPlatforms) = postSolution
		{B283048F-0420-5F9E-895C-AE851B203FFF}.Debug|Any CPU.ActiveCfg = Debug|Any CPU
		{B283048F-0420-5F9E-895C-AE851B203FFF}.Debug|Any CPU.Build.0 = Debug|Any CPU
		{B283048F-0420-5F9E-895C-AE851B203FFF}.Release|Any CPU.ActiveCfg = Release|Any CPU
		{B283048F-0420-5F9E-895C-AE851B203FFF}.Release|Any CPU.Build.0 = Release|Any CPU
	EndGlobalSection
	GlobalSection(SolutionProperties) = preSolution
		HideSolutionNode = FALSE
	EndGlobalSection
	GlobalSection(ExtensibilityGlobals) = postSolution
		SolutionGuid = {EB94FDB9-5C23-47A9-B103-A6B85B3DF88F}
	EndGlobalSection
EndGlobal
